// !$*UTF8*$!
{
	archiveVersion = 1;
	classes = {
	};
	objectVersion = 54;
	objects = {

/* Begin PBXBuildFile section */
		0C80B921A6F3F58F76C31292 /* libPods-natallindocartao.a in Frameworks */ = {isa = PBXBuildFile; fileRef = 5DCACB8F33CDC322A6C60F78 /* libPods-natallindocartao.a */; };
		13B07FBF1A68108700A75B9A /* Images.xcassets in Resources */ = {isa = PBXBuildFile; fileRef = 13B07FB51A68108700A75B9A /* Images.xcassets */; };
		761780ED2CA45674006654EE /* AppDelegate.swift in Sources */ = {isa = PBXBuildFile; fileRef = 761780EC2CA45674006654EE /* AppDelegate.swift */; };
		81AB9BB82411601600AC10FF /* LaunchScreen.storyboard in Resources */ = {isa = PBXBuildFile; fileRef = 81AB9BB72411601600AC10FF /* LaunchScreen.storyboard */; };
		5466D1BF785B4C85A069C895 /* Archeologicaps.ttf in Resources */ = {isa = PBXBuildFile; fileRef = CBE342B60D4A462692A19B30 /* Archeologicaps.ttf */; };
		5FFD0332306E4C8B9C88DC58 /* Artistica.ttf in Resources */ = {isa = PBXBuildFile; fileRef = ED25339D280C42A295D2923D /* Artistica.ttf */; };
		26CE26DF11844A8C90EDFEA9 /* Bodonitown.ttf in Resources */ = {isa = PBXBuildFile; fileRef = 78E32BF3D3164175A224291E /* Bodonitown.ttf */; };
		9CAC817AB3F04664B78742E4 /* CarbonType.ttf in Resources */ = {isa = PBXBuildFile; fileRef = A1AA8CB866F24142BE3BAD39 /* CarbonType.ttf */; };
		EE191061005D44FE8D4D0ED9 /* Dominican.ttf in Resources */ = {isa = PBXBuildFile; fileRef = 9494356BD5AD401095E42C5D /* Dominican.ttf */; };
		1CA23E3D8EC443498B1BFC8A /* Jelly.ttf in Resources */ = {isa = PBXBuildFile; fileRef = 18C3EF55A86F4F84B221A82B /* Jelly.ttf */; };
		8C52BF8224CA42D3A9E1AA92 /* Metropolis.ttf in Resources */ = {isa = PBXBuildFile; fileRef = AE24AED435834E9499185810 /* Metropolis.ttf */; };
		29531305BCF7452497B2063E /* Mirage.ttf in Resources */ = {isa = PBXBuildFile; fileRef = 88A0485D40F943548F61655D /* Mirage.ttf */; };
		DB0CBF54CF534C3EA7448974 /* 1942 Report.ttf in Resources */ = {isa = PBXBuildFile; fileRef = 35C0E5A402B549678D8C2F9A /* 1942 Report.ttf */; };
		AA3E97B8AE514EBABE5E65AE /* 36 Days Ago Bold.ttf in Resources */ = {isa = PBXBuildFile; fileRef = BD95DBDD86654017BAA515DC /* 36 Days Ago Bold.ttf */; };
		3407F202FA7C4DBDB0C8C97D /* 36 Days Ago Regular.ttf in Resources */ = {isa = PBXBuildFile; fileRef = F278F4346A3C4E27A7533415 /* 36 Days Ago Regular.ttf */; };
		7D88B91849A54977A9E87C75 /* 8 Bit Wonder.ttf in Resources */ = {isa = PBXBuildFile; fileRef = E4AC96CA55CE401DAE90FA0B /* 8 Bit Wonder.ttf */; };
		6036C4CC58654B7E9674925C /* A Dripping Marker.ttf in Resources */ = {isa = PBXBuildFile; fileRef = 111993DA5DA644FAA71C2976 /* A Dripping Marker.ttf */; };
		6D1DCE0856F2477389873253 /* Airmole Antique.ttf in Resources */ = {isa = PBXBuildFile; fileRef = FF4C7109199A46ADBD53CB01 /* Airmole Antique.ttf */; };
		3E97CB6AA79044808BB2E5A1 /* Airmole Regular.ttf in Resources */ = {isa = PBXBuildFile; fileRef = 9E119851710E450282FAABFF /* Airmole Regular.ttf */; };
		AEBF9088ACDA43418BC9A45A /* Airmole Shaded.ttf in Resources */ = {isa = PBXBuildFile; fileRef = 3B5E9B4AC3A94AD6A7CE3828 /* Airmole Shaded.ttf */; };
		8A4AC144852C47D08CF64799 /* Airmole Stripe.ttf in Resources */ = {isa = PBXBuildFile; fileRef = E7C2CD63D89040D8BEFECE7A /* Airmole Stripe.ttf */; };
		2934AA933DAD46E59529499D /* Aldo.ttf in Resources */ = {isa = PBXBuildFile; fileRef = 3ABDFF93C5A548D38041F85B /* Aldo.ttf */; };
		244A4E0056AC461E97F37B03 /* Almonte.ttf in Resources */ = {isa = PBXBuildFile; fileRef = D1F03A314FCC489FB9996222 /* Almonte.ttf */; };
		789DDA072C294EEFB768FC00 /* Amerika Sans.ttf in Resources */ = {isa = PBXBuildFile; fileRef = BCA1F359865C4E9496B622E3 /* Amerika Sans.ttf */; };
		01C653ADC5BB4DC4964333E6 /* Art Brush.ttf in Resources */ = {isa = PBXBuildFile; fileRef = 100374F9F8FB46E4A038DC03 /* Art Brush.ttf */; };
		583DA2DB57CB43EEAC1F72C4 /* Averia Bold Italic.ttf in Resources */ = {isa = PBXBuildFile; fileRef = 5B3E36959E0D498C8D8369C8 /* Averia Bold Italic.ttf */; };
		15E8760BEBA943199DCBBD16 /* Averia Bold.ttf in Resources */ = {isa = PBXBuildFile; fileRef = DACEFFDE3A264756BB8A8843 /* Averia Bold.ttf */; };
		5B0E34BFDF364D4581E4C022 /* Averia Gruesa.ttf in Resources */ = {isa = PBXBuildFile; fileRef = 5FFD834A97FB49839B1E6DFA /* Averia Gruesa.ttf */; };
		CF55BEC233BD4829AED2321E /* Averia Italic.ttf in Resources */ = {isa = PBXBuildFile; fileRef = 3EAFE0523C2B43F89275C8E5 /* Averia Italic.ttf */; };
		4F343FE8B31F40DA91587CFD /* Averia Light Italic.ttf in Resources */ = {isa = PBXBuildFile; fileRef = 4622910A112C4F93BF56357E /* Averia Light Italic.ttf */; };
		4C93DE0A70494BE9BF681B95 /* Averia Light.ttf in Resources */ = {isa = PBXBuildFile; fileRef = 223695E9EC73496898D13FB2 /* Averia Light.ttf */; };
		23BB6E5EBFF842118AF15B21 /* Averia Regular.ttf in Resources */ = {isa = PBXBuildFile; fileRef = 78AC6E78C73E4E30A41B20AC /* Averia Regular.ttf */; };
		94FF2C5D97E343CAB34B2138 /* Averia Serif Bold Italic.ttf in Resources */ = {isa = PBXBuildFile; fileRef = 59A89548F2CC477087902EBB /* Averia Serif Bold Italic.ttf */; };
		D6AF36807F114D56B9021F16 /* Averia Serif Bold.ttf in Resources */ = {isa = PBXBuildFile; fileRef = 58182754584B411A9DDE9990 /* Averia Serif Bold.ttf */; };
		3A46D7E67AF44CE396C20F3A /* Averia Serif Italic.ttf in Resources */ = {isa = PBXBuildFile; fileRef = 00F36E88853547F7858FC2F5 /* Averia Serif Italic.ttf */; };
		3FCCED7272A64341A2A27421 /* Averia Serif Light Italic.ttf in Resources */ = {isa = PBXBuildFile; fileRef = 6691F671185C44859C346841 /* Averia Serif Light Italic.ttf */; };
		DD4034E47283424B95484263 /* Averia Serif Light.ttf in Resources */ = {isa = PBXBuildFile; fileRef = E7BDF9EDC92041F592AEEA96 /* Averia Serif Light.ttf */; };
		CD10250396A94D4C843A5E07 /* Averia Serif Regular.ttf in Resources */ = {isa = PBXBuildFile; fileRef = 7BBF09322D1E4E7D904651DF /* Averia Serif Regular.ttf */; };
		CAB558CC18604D2696BA4DEC /* B-Boy.ttf in Resources */ = {isa = PBXBuildFile; fileRef = C24C1BDF65AE4700840C30F2 /* B-Boy.ttf */; };
		BBB9834369E5497B8F529980 /* Boston Traffic.ttf in Resources */ = {isa = PBXBuildFile; fileRef = B8E26D968951459AB0D1243F /* Boston Traffic.ttf */; };
		150FBA33F94A4494B5E583BD /* Brush Of Kent.ttf in Resources */ = {isa = PBXBuildFile; fileRef = ABFC4EA5BC76407F82E1D8F7 /* Brush Of Kent.ttf */; };
		3A88376FDF8440478A5302B8 /* Cardinal Alternate.ttf in Resources */ = {isa = PBXBuildFile; fileRef = 79D75F555FE14BAAA59F4377 /* Cardinal Alternate.ttf */; };
		B6AA70C27E6E4AEAB515941A /* Cardinal.ttf in Resources */ = {isa = PBXBuildFile; fileRef = 3B7E25E5BF0940C9BD2A754A /* Cardinal.ttf */; };
		F2F6D19965AF45C59B5A782B /* Chinese Calligraphy.ttf in Resources */ = {isa = PBXBuildFile; fileRef = 28E9CB1FD0E6485A8EAE1BC4 /* Chinese Calligraphy.ttf */; };
		D2B81E374B9A4EEA91868638 /* Dominican Italic.ttf in Resources */ = {isa = PBXBuildFile; fileRef = 073109240DF142928DC452E0 /* Dominican Italic.ttf */; };
		02B1937B90BE41D8A453A499 /* Dominican Small Caps.ttf in Resources */ = {isa = PBXBuildFile; fileRef = DBD6471F47A94AA5AD7B7705 /* Dominican Small Caps.ttf */; };
		820C16C7304E4CF29B7CEF70 /* Dream Orphans Bold Italic.ttf in Resources */ = {isa = PBXBuildFile; fileRef = A633EF4CFC274A15ADF8AD20 /* Dream Orphans Bold Italic.ttf */; };
		2ADE3CC00CF54CF883E82B70 /* Dream Orphans Bold.ttf in Resources */ = {isa = PBXBuildFile; fileRef = C46F83F3D3B34731A2BA3934 /* Dream Orphans Bold.ttf */; };
		08E4268817474BF593CE304B /* Dream Orphans Italic.ttf in Resources */ = {isa = PBXBuildFile; fileRef = 5D3AAA8305844D36B4D73026 /* Dream Orphans Italic.ttf */; };
		BEC1083647AB40D0BA143C10 /* Dream Orphans.ttf in Resources */ = {isa = PBXBuildFile; fileRef = 251825DC2EB34AFEBC8DCEF3 /* Dream Orphans.ttf */; };
		824C8A994B934ABDADB7FB15 /* Edo SZ.ttf in Resources */ = {isa = PBXBuildFile; fileRef = 1D2A5D4FA6C144EFA2B9E623 /* Edo SZ.ttf */; };
		5E43BBA58C2649FBB5874177 /* Episode 1.ttf in Resources */ = {isa = PBXBuildFile; fileRef = 9B5F80B253E44D429E99FF11 /* Episode 1.ttf */; };
		0AB5C55DF7624AFA9D19FDA2 /* Ethnocentric Italic.ttf in Resources */ = {isa = PBXBuildFile; fileRef = 689C484A6D964DFB8B7651E3 /* Ethnocentric Italic.ttf */; };
		92FCED1F75774DFB9F3638C4 /* Ethnocentric Regular.ttf in Resources */ = {isa = PBXBuildFile; fileRef = 0EA213311ECE4D38A8D2F644 /* Ethnocentric Regular.ttf */; };
		26D2F95EF9724BF1AD989C79 /* Express.ttf in Resources */ = {isa = PBXBuildFile; fileRef = CA18BA51A2324465B5000E6E /* Express.ttf */; };
		00628AC314BF449ABAFC79DF /* Expressway.ttf in Resources */ = {isa = PBXBuildFile; fileRef = D3690C09B72F496BBE513CA8 /* Expressway.ttf */; };
		6A54D7BEF1D447808A7B0AD8 /* F25 Bank Printer Bold.ttf in Resources */ = {isa = PBXBuildFile; fileRef = FAFC9772DD1841678AA42AE2 /* F25 Bank Printer Bold.ttf */; };
		11FB4249300642869212D832 /* F25 Bank Printer.ttf in Resources */ = {isa = PBXBuildFile; fileRef = 965F0813ED4A4407AA52D781 /* F25 Bank Printer.ttf */; };
		20634065A8074DC5A20431E4 /* Felt Pen.ttf in Resources */ = {isa = PBXBuildFile; fileRef = 0D7C35B3EE0E4D3BB9C99F08 /* Felt Pen.ttf */; };
		C97123CD06B74213A54CFE41 /* Flux Architect Bold Italic.ttf in Resources */ = {isa = PBXBuildFile; fileRef = A84B585B3B8749659C2B5D33 /* Flux Architect Bold Italic.ttf */; };
		3B877D8BA3374777923E242D /* Flux Architect Bold.ttf in Resources */ = {isa = PBXBuildFile; fileRef = B42106631C3641D1B03662AA /* Flux Architect Bold.ttf */; };
		9CE24513D1A6490C950D52CE /* Flux Architect Italic.ttf in Resources */ = {isa = PBXBuildFile; fileRef = AAF18B49B071477DBC6C718A /* Flux Architect Italic.ttf */; };
		A4B4C3E14B284DD9A6F53AB8 /* Flux Architect Regular.ttf in Resources */ = {isa = PBXBuildFile; fileRef = 5432545642444BE5870BC2DF /* Flux Architect Regular.ttf */; };
		FD18D74C980644C28883F58F /* Folks Normal.ttf in Resources */ = {isa = PBXBuildFile; fileRef = AE5B606D7380411C981AB845 /* Folks Normal.ttf */; };
		56ECFE93E59440299E332F8D /* Forgotten Futurist Bold Italic.ttf in Resources */ = {isa = PBXBuildFile; fileRef = 2A0C7F7DB4E540F891D69F13 /* Forgotten Futurist Bold Italic.ttf */; };
		3EFAABAB6D894AEDB51C1299 /* Forgotten Futurist Bold.ttf in Resources */ = {isa = PBXBuildFile; fileRef = FA7B865CB87441F2BD245127 /* Forgotten Futurist Bold.ttf */; };
		7F53926A95CA4B79812B4094 /* Forgotten Futurist Italic.ttf in Resources */ = {isa = PBXBuildFile; fileRef = DD159991805C4D65BA5D101E /* Forgotten Futurist Italic.ttf */; };
		65A4B617105D4FE8BBCC1D82 /* Forgotten Futurist.ttf in Resources */ = {isa = PBXBuildFile; fileRef = 8F1380F47C1D410096D05742 /* Forgotten Futurist.ttf */; };
		C6F5ADA95DED40A48320A2DA /* Forgotten.ttf in Resources */ = {isa = PBXBuildFile; fileRef = FA58B6D3E42F42DDA5AD0CF5 /* Forgotten.ttf */; };
		51857EC97E114BF59F9622A0 /* Gang Of Three.ttf in Resources */ = {isa = PBXBuildFile; fileRef = 0EA25E9900C84CC099F3BC4A /* Gang Of Three.ttf */; };
		B739547B50174E4988C6B291 /* Graffiti Font.ttf in Resources */ = {isa = PBXBuildFile; fileRef = AF12C3CA599C45F49D2EF80C /* Graffiti Font.ttf */; };
		C9AECF1E74E346C8A75A2C67 /* Gramophone NF.ttf in Resources */ = {isa = PBXBuildFile; fileRef = B63F3037BB7245A4825778B1 /* Gramophone NF.ttf */; };
		F731200B72E64C3C863925AA /* Hall Fetica Decompose Italic.ttf in Resources */ = {isa = PBXBuildFile; fileRef = 72EE87D1114240AFAA66B94D /* Hall Fetica Decompose Italic.ttf */; };
		E68FC9801E6D46E49940F074 /* Hall Fetica Decompose.ttf in Resources */ = {isa = PBXBuildFile; fileRef = AA313DA871C046E3B02A1BCC /* Hall Fetica Decompose.ttf */; };
		3E45CB4EB1B9412EB915BAF6 /* Hall Fetica Italic.ttf in Resources */ = {isa = PBXBuildFile; fileRef = F60D25A2E63D4931A33B27FA /* Hall Fetica Italic.ttf */; };
		E02672A0507F4D5DA176CEBA /* Hall Fetica Narrow Italic.ttf in Resources */ = {isa = PBXBuildFile; fileRef = B94BE8B3A4C64B388F729ED6 /* Hall Fetica Narrow Italic.ttf */; };
		220AFDF8881F455680A6781B /* Hall Fetica Narrow.ttf in Resources */ = {isa = PBXBuildFile; fileRef = 94512FFB41BD437D9707E34B /* Hall Fetica Narrow.ttf */; };
		871A1510C6DD43C6B7BB7FD1 /* Hall Fetica Upper Decompose It.ttf in Resources */ = {isa = PBXBuildFile; fileRef = 9F708A8857D245C7B25A02D8 /* Hall Fetica Upper Decompose It.ttf */; };
		F496B914947F4355A8D06C52 /* Hall Fetica Upper Decompose.ttf in Resources */ = {isa = PBXBuildFile; fileRef = 8ACBCB759149493CA9824B51 /* Hall Fetica Upper Decompose.ttf */; };
		F794514EEB27424D84FF69CB /* Hall Fetica Upper Italic.ttf in Resources */ = {isa = PBXBuildFile; fileRef = 31F69C4C74694DBA97604F09 /* Hall Fetica Upper Italic.ttf */; };
		11EA080EAFB149FE8C6411AD /* Hall Fetica Upper.ttf in Resources */ = {isa = PBXBuildFile; fileRef = AF7329AECF184458A2B96320 /* Hall Fetica Upper.ttf */; };
		9D33F3F936FC43E68C67A3AB /* Hall Fetica Wide.ttf in Resources */ = {isa = PBXBuildFile; fileRef = 69D26A68426948EB850B9C6B /* Hall Fetica Wide.ttf */; };
		975D14B3DC1D433983EA62AB /* Hall Fetica.ttf in Resources */ = {isa = PBXBuildFile; fileRef = 1754F3806F79479E90EC4DD1 /* Hall Fetica.ttf */; };
		BECF305ECC4241CCBD380AF8 /* Highway Gothic Condensed.ttf in Resources */ = {isa = PBXBuildFile; fileRef = E36FF270B1B24D1795B0D4C0 /* Highway Gothic Condensed.ttf */; };
		B4A3970CBD044870B5C80E11 /* Highway Gothic Expanded.ttf in Resources */ = {isa = PBXBuildFile; fileRef = 182827BCC59A444FA1D08337 /* Highway Gothic Expanded.ttf */; };
		D3BCE48F4486489A8EC8EA70 /* Highway Gothic Narrow.ttf in Resources */ = {isa = PBXBuildFile; fileRef = 3992483411C049CB8CC91235 /* Highway Gothic Narrow.ttf */; };
		C936A0D1A20847A9B597B2DF /* Highway Gothic.ttf in Resources */ = {isa = PBXBuildFile; fileRef = E22079547C4B4DF2B4088774 /* Highway Gothic.ttf */; };
		12102D3B3D79413F84E9DF7F /* Jungle Fever.ttf in Resources */ = {isa = PBXBuildFile; fileRef = BD3A2B18483A47DA98333BAD /* Jungle Fever.ttf */; };
		99F356D37C1646688481E8BC /* Kenyan Coffee Bold Italic.ttf in Resources */ = {isa = PBXBuildFile; fileRef = 3B4BDCC1D4574DDD84B8F104 /* Kenyan Coffee Bold Italic.ttf */; };
		68BA8288433C49F0B64C6979 /* Kenyan Coffee Bold.ttf in Resources */ = {isa = PBXBuildFile; fileRef = E6CC636C082A4E108F5EFB0B /* Kenyan Coffee Bold.ttf */; };
		B8AF5B544A88478BAB2498B9 /* Kenyan Coffee Italic.ttf in Resources */ = {isa = PBXBuildFile; fileRef = 6DDC667B7F34478A89AE167A /* Kenyan Coffee Italic.ttf */; };
		8B63BAA12EFC4E50A8D624D3 /* Kenyan Coffee.ttf in Resources */ = {isa = PBXBuildFile; fileRef = 3D76B51A194D409EB3232AEE /* Kenyan Coffee.ttf */; };
		ABBAC072D4EB497DB94969B4 /* Kingthings Sans.ttf in Resources */ = {isa = PBXBuildFile; fileRef = 2EEC667ADBC64CB39832E761 /* Kingthings Sans.ttf */; };
		C1FA889C4CF54242AD312AE8 /* MetropolisNF.ttf in Resources */ = {isa = PBXBuildFile; fileRef = E20857112D364F5C90457938 /* MetropolisNF.ttf */; };
		ADB8AF99E410428E9B5ABEE0 /* Mirage Gothic.ttf in Resources */ = {isa = PBXBuildFile; fileRef = 11102750958C4A899EA4F8FB /* Mirage Gothic.ttf */; };
		671B8D6F406E45EAAB4D71D8 /* Mirage Italic.ttf in Resources */ = {isa = PBXBuildFile; fileRef = 92E5F66585324FEEB0E841BF /* Mirage Italic.ttf */; };
		CF40B58D59F6468687FA3307 /* Old London Alternate.ttf in Resources */ = {isa = PBXBuildFile; fileRef = 4258833BE1CC41B08CB60E01 /* Old London Alternate.ttf */; };
		C930779364E44C2A9EB6B029 /* Old London.ttf in Resources */ = {isa = PBXBuildFile; fileRef = DF9A72BB8B0746D28A5A7BC2 /* Old London.ttf */; };
		B2FEBAA7D5CC4EA5B2CB453C /* Pirata One.ttf in Resources */ = {isa = PBXBuildFile; fileRef = 64ED72E7F8DA4768AB08A1E9 /* Pirata One.ttf */; };
		CA56995FDB9245A295015E88 /* Super Mario 256.ttf in Resources */ = {isa = PBXBuildFile; fileRef = A10E501444804BED87790DDC /* Super Mario 256.ttf */; };
		60B266A1EED34FCCB58E03E4 /* Titan One.ttf in Resources */ = {isa = PBXBuildFile; fileRef = C6D8C9597E1A49FE8720CF00 /* Titan One.ttf */; };
		4C1ABC8557554542BBB2C708 /* Yanone Kaffeesatz Bold.ttf in Resources */ = {isa = PBXBuildFile; fileRef = 3F11060EC86545F786BA5EEB /* Yanone Kaffeesatz Bold.ttf */; };
		2F6514731A02429CB32908E8 /* Yanone Kaffeesatz Light.ttf in Resources */ = {isa = PBXBuildFile; fileRef = B96E28E523334C08B2FADBAE /* Yanone Kaffeesatz Light.ttf */; };
		04344F61B8AC4940A75E546F /* Yanone Kaffeesatz Regular.ttf in Resources */ = {isa = PBXBuildFile; fileRef = 579855465A8F459C83D07D61 /* Yanone Kaffeesatz Regular.ttf */; };
		59DB7E6217FC460FAEF20870 /* Yanone Kaffeesatz Thin.ttf in Resources */ = {isa = PBXBuildFile; fileRef = E12D359A91E24C509992912A /* Yanone Kaffeesatz Thin.ttf */; };
		E984CFBD07EA4AFE81CE5D91 /* Highway Gothic Wide.TTF in Resources */ = {isa = PBXBuildFile; fileRef = F550E7079E5C4D6B80B17FEF /* Highway Gothic Wide.TTF */; };
/* End PBXBuildFile section */

/* Begin PBXFileReference section */
		13B07F961A680F5B00A75B9A /* natallindocartao.app */ = {isa = PBXFileReference; explicitFileType = wrapper.application; includeInIndex = 0; path = natallindocartao.app; sourceTree = BUILT_PRODUCTS_DIR; };
		13B07FB51A68108700A75B9A /* Images.xcassets */ = {isa = PBXFileReference; lastKnownFileType = folder.assetcatalog; name = Images.xcassets; path = natallindocartao/Images.xcassets; sourceTree = "<group>"; };
		13B07FB61A68108700A75B9A /* Info.plist */ = {isa = PBXFileReference; fileEncoding = 4; lastKnownFileType = text.plist.xml; name = Info.plist; path = natallindocartao/Info.plist; sourceTree = "<group>"; };
		13B07FB81A68108700A75B9A /* PrivacyInfo.xcprivacy */ = {isa = PBXFileReference; fileEncoding = 4; lastKnownFileType = text.plist.xml; name = PrivacyInfo.xcprivacy; path = natallindocartao/PrivacyInfo.xcprivacy; sourceTree = "<group>"; };
		3B4392A12AC88292D35C810B /* Pods-natallindocartao.debug.xcconfig */ = {isa = PBXFileReference; includeInIndex = 1; lastKnownFileType = text.xcconfig; name = "Pods-natallindocartao.debug.xcconfig"; path = "Target Support Files/Pods-natallindocartao/Pods-natallindocartao.debug.xcconfig"; sourceTree = "<group>"; };
		5709B34CF0A7D63546082F79 /* Pods-natallindocartao.release.xcconfig */ = {isa = PBXFileReference; includeInIndex = 1; lastKnownFileType = text.xcconfig; name = "Pods-natallindocartao.release.xcconfig"; path = "Target Support Files/Pods-natallindocartao/Pods-natallindocartao.release.xcconfig"; sourceTree = "<group>"; };
		5DCACB8F33CDC322A6C60F78 /* libPods-natallindocartao.a */ = {isa = PBXFileReference; explicitFileType = archive.ar; includeInIndex = 0; path = "libPods-natallindocartao.a"; sourceTree = BUILT_PRODUCTS_DIR; };
		761780EC2CA45674006654EE /* AppDelegate.swift */ = {isa = PBXFileReference; lastKnownFileType = sourcecode.swift; name = AppDelegate.swift; path = natallindocartao/AppDelegate.swift; sourceTree = "<group>"; };
		81AB9BB72411601600AC10FF /* LaunchScreen.storyboard */ = {isa = PBXFileReference; fileEncoding = 4; lastKnownFileType = file.storyboard; name = LaunchScreen.storyboard; path = natallindocartao/LaunchScreen.storyboard; sourceTree = "<group>"; };
		ED297162215061F000B7C4FE /* JavaScriptCore.framework */ = {isa = PBXFileReference; lastKnownFileType = wrapper.framework; name = JavaScriptCore.framework; path = System/Library/Frameworks/JavaScriptCore.framework; sourceTree = SDKROOT; };
		CBE342B60D4A462692A19B30 /* Archeologicaps.ttf */ = {isa = PBXFileReference; name = "Archeologicaps.ttf"; path = "../assets/fonts/Archeologicaps.ttf"; sourceTree = "<group>"; fileEncoding = undefined; lastKnownFileType = unknown; explicitFileType = undefined; includeInIndex = 0; };
		ED25339D280C42A295D2923D /* Artistica.ttf */ = {isa = PBXFileReference; name = "Artistica.ttf"; path = "../assets/fonts/Artistica.ttf"; sourceTree = "<group>"; fileEncoding = undefined; lastKnownFileType = unknown; explicitFileType = undefined; includeInIndex = 0; };
		78E32BF3D3164175A224291E /* Bodonitown.ttf */ = {isa = PBXFileReference; name = "Bodonitown.ttf"; path = "../assets/fonts/Bodonitown.ttf"; sourceTree = "<group>"; fileEncoding = undefined; lastKnownFileType = unknown; explicitFileType = undefined; includeInIndex = 0; };
		A1AA8CB866F24142BE3BAD39 /* CarbonType.ttf */ = {isa = PBXFileReference; name = "CarbonType.ttf"; path = "../assets/fonts/CarbonType.ttf"; sourceTree = "<group>"; fileEncoding = undefined; lastKnownFileType = unknown; explicitFileType = undefined; includeInIndex = 0; };
		9494356BD5AD401095E42C5D /* Dominican.ttf */ = {isa = PBXFileReference; name = "Dominican.ttf"; path = "../assets/fonts/Dominican.ttf"; sourceTree = "<group>"; fileEncoding = undefined; lastKnownFileType = unknown; explicitFileType = undefined; includeInIndex = 0; };
		18C3EF55A86F4F84B221A82B /* Jelly.ttf */ = {isa = PBXFileReference; name = "Jelly.ttf"; path = "../assets/fonts/Jelly.ttf"; sourceTree = "<group>"; fileEncoding = undefined; lastKnownFileType = unknown; explicitFileType = undefined; includeInIndex = 0; };
		AE24AED435834E9499185810 /* Metropolis.ttf */ = {isa = PBXFileReference; name = "Metropolis.ttf"; path = "../assets/fonts/Metropolis.ttf"; sourceTree = "<group>"; fileEncoding = undefined; lastKnownFileType = unknown; explicitFileType = undefined; includeInIndex = 0; };
		88A0485D40F943548F61655D /* Mirage.ttf */ = {isa = PBXFileReference; name = "Mirage.ttf"; path = "../assets/fonts/Mirage.ttf"; sourceTree = "<group>"; fileEncoding = undefined; lastKnownFileType = unknown; explicitFileType = undefined; includeInIndex = 0; };
		35C0E5A402B549678D8C2F9A /* 1942 Report.ttf */ = {isa = PBXFileReference; name = "1942 Report.ttf"; path = "../assets/fonts/1942 Report.ttf"; sourceTree = "<group>"; fileEncoding = undefined; lastKnownFileType = unknown; explicitFileType = undefined; includeInIndex = 0; };
		BD95DBDD86654017BAA515DC /* 36 Days Ago Bold.ttf */ = {isa = PBXFileReference; name = "36 Days Ago Bold.ttf"; path = "../assets/fonts/36 Days Ago Bold.ttf"; sourceTree = "<group>"; fileEncoding = undefined; lastKnownFileType = unknown; explicitFileType = undefined; includeInIndex = 0; };
		F278F4346A3C4E27A7533415 /* 36 Days Ago Regular.ttf */ = {isa = PBXFileReference; name = "36 Days Ago Regular.ttf"; path = "../assets/fonts/36 Days Ago Regular.ttf"; sourceTree = "<group>"; fileEncoding = undefined; lastKnownFileType = unknown; explicitFileType = undefined; includeInIndex = 0; };
		E4AC96CA55CE401DAE90FA0B /* 8 Bit Wonder.ttf */ = {isa = PBXFileReference; name = "8 Bit Wonder.ttf"; path = "../assets/fonts/8 Bit Wonder.ttf"; sourceTree = "<group>"; fileEncoding = undefined; lastKnownFileType = unknown; explicitFileType = undefined; includeInIndex = 0; };
		111993DA5DA644FAA71C2976 /* A Dripping Marker.ttf */ = {isa = PBXFileReference; name = "A Dripping Marker.ttf"; path = "../assets/fonts/A Dripping Marker.ttf"; sourceTree = "<group>"; fileEncoding = undefined; lastKnownFileType = unknown; explicitFileType = undefined; includeInIndex = 0; };
		FF4C7109199A46ADBD53CB01 /* Airmole Antique.ttf */ = {isa = PBXFileReference; name = "Airmole Antique.ttf"; path = "../assets/fonts/Airmole Antique.ttf"; sourceTree = "<group>"; fileEncoding = undefined; lastKnownFileType = unknown; explicitFileType = undefined; includeInIndex = 0; };
		9E119851710E450282FAABFF /* Airmole Regular.ttf */ = {isa = PBXFileReference; name = "Airmole Regular.ttf"; path = "../assets/fonts/Airmole Regular.ttf"; sourceTree = "<group>"; fileEncoding = undefined; lastKnownFileType = unknown; explicitFileType = undefined; includeInIndex = 0; };
		3B5E9B4AC3A94AD6A7CE3828 /* Airmole Shaded.ttf */ = {isa = PBXFileReference; name = "Airmole Shaded.ttf"; path = "../assets/fonts/Airmole Shaded.ttf"; sourceTree = "<group>"; fileEncoding = undefined; lastKnownFileType = unknown; explicitFileType = undefined; includeInIndex = 0; };
		E7C2CD63D89040D8BEFECE7A /* Airmole Stripe.ttf */ = {isa = PBXFileReference; name = "Airmole Stripe.ttf"; path = "../assets/fonts/Airmole Stripe.ttf"; sourceTree = "<group>"; fileEncoding = undefined; lastKnownFileType = unknown; explicitFileType = undefined; includeInIndex = 0; };
		3ABDFF93C5A548D38041F85B /* Aldo.ttf */ = {isa = PBXFileReference; name = "Aldo.ttf"; path = "../assets/fonts/Aldo.ttf"; sourceTree = "<group>"; fileEncoding = undefined; lastKnownFileType = unknown; explicitFileType = undefined; includeInIndex = 0; };
		D1F03A314FCC489FB9996222 /* Almonte.ttf */ = {isa = PBXFileReference; name = "Almonte.ttf"; path = "../assets/fonts/Almonte.ttf"; sourceTree = "<group>"; fileEncoding = undefined; lastKnownFileType = unknown; explicitFileType = undefined; includeInIndex = 0; };
		BCA1F359865C4E9496B622E3 /* Amerika Sans.ttf */ = {isa = PBXFileReference; name = "Amerika Sans.ttf"; path = "../assets/fonts/Amerika Sans.ttf"; sourceTree = "<group>"; fileEncoding = undefined; lastKnownFileType = unknown; explicitFileType = undefined; includeInIndex = 0; };
		100374F9F8FB46E4A038DC03 /* Art Brush.ttf */ = {isa = PBXFileReference; name = "Art Brush.ttf"; path = "../assets/fonts/Art Brush.ttf"; sourceTree = "<group>"; fileEncoding = undefined; lastKnownFileType = unknown; explicitFileType = undefined; includeInIndex = 0; };
		5B3E36959E0D498C8D8369C8 /* Averia Bold Italic.ttf */ = {isa = PBXFileReference; name = "Averia Bold Italic.ttf"; path = "../assets/fonts/Averia Bold Italic.ttf"; sourceTree = "<group>"; fileEncoding = undefined; lastKnownFileType = unknown; explicitFileType = undefined; includeInIndex = 0; };
		DACEFFDE3A264756BB8A8843 /* Averia Bold.ttf */ = {isa = PBXFileReference; name = "Averia Bold.ttf"; path = "../assets/fonts/Averia Bold.ttf"; sourceTree = "<group>"; fileEncoding = undefined; lastKnownFileType = unknown; explicitFileType = undefined; includeInIndex = 0; };
		5FFD834A97FB49839B1E6DFA /* Averia Gruesa.ttf */ = {isa = PBXFileReference; name = "Averia Gruesa.ttf"; path = "../assets/fonts/Averia Gruesa.ttf"; sourceTree = "<group>"; fileEncoding = undefined; lastKnownFileType = unknown; explicitFileType = undefined; includeInIndex = 0; };
		3EAFE0523C2B43F89275C8E5 /* Averia Italic.ttf */ = {isa = PBXFileReference; name = "Averia Italic.ttf"; path = "../assets/fonts/Averia Italic.ttf"; sourceTree = "<group>"; fileEncoding = undefined; lastKnownFileType = unknown; explicitFileType = undefined; includeInIndex = 0; };
		4622910A112C4F93BF56357E /* Averia Light Italic.ttf */ = {isa = PBXFileReference; name = "Averia Light Italic.ttf"; path = "../assets/fonts/Averia Light Italic.ttf"; sourceTree = "<group>"; fileEncoding = undefined; lastKnownFileType = unknown; explicitFileType = undefined; includeInIndex = 0; };
		223695E9EC73496898D13FB2 /* Averia Light.ttf */ = {isa = PBXFileReference; name = "Averia Light.ttf"; path = "../assets/fonts/Averia Light.ttf"; sourceTree = "<group>"; fileEncoding = undefined; lastKnownFileType = unknown; explicitFileType = undefined; includeInIndex = 0; };
		78AC6E78C73E4E30A41B20AC /* Averia Regular.ttf */ = {isa = PBXFileReference; name = "Averia Regular.ttf"; path = "../assets/fonts/Averia Regular.ttf"; sourceTree = "<group>"; fileEncoding = undefined; lastKnownFileType = unknown; explicitFileType = undefined; includeInIndex = 0; };
		59A89548F2CC477087902EBB /* Averia Serif Bold Italic.ttf */ = {isa = PBXFileReference; name = "Averia Serif Bold Italic.ttf"; path = "../assets/fonts/Averia Serif Bold Italic.ttf"; sourceTree = "<group>"; fileEncoding = undefined; lastKnownFileType = unknown; explicitFileType = undefined; includeInIndex = 0; };
		58182754584B411A9DDE9990 /* Averia Serif Bold.ttf */ = {isa = PBXFileReference; name = "Averia Serif Bold.ttf"; path = "../assets/fonts/Averia Serif Bold.ttf"; sourceTree = "<group>"; fileEncoding = undefined; lastKnownFileType = unknown; explicitFileType = undefined; includeInIndex = 0; };
		00F36E88853547F7858FC2F5 /* Averia Serif Italic.ttf */ = {isa = PBXFileReference; name = "Averia Serif Italic.ttf"; path = "../assets/fonts/Averia Serif Italic.ttf"; sourceTree = "<group>"; fileEncoding = undefined; lastKnownFileType = unknown; explicitFileType = undefined; includeInIndex = 0; };
		6691F671185C44859C346841 /* Averia Serif Light Italic.ttf */ = {isa = PBXFileReference; name = "Averia Serif Light Italic.ttf"; path = "../assets/fonts/Averia Serif Light Italic.ttf"; sourceTree = "<group>"; fileEncoding = undefined; lastKnownFileType = unknown; explicitFileType = undefined; includeInIndex = 0; };
		E7BDF9EDC92041F592AEEA96 /* Averia Serif Light.ttf */ = {isa = PBXFileReference; name = "Averia Serif Light.ttf"; path = "../assets/fonts/Averia Serif Light.ttf"; sourceTree = "<group>"; fileEncoding = undefined; lastKnownFileType = unknown; explicitFileType = undefined; includeInIndex = 0; };
		7BBF09322D1E4E7D904651DF /* Averia Serif Regular.ttf */ = {isa = PBXFileReference; name = "Averia Serif Regular.ttf"; path = "../assets/fonts/Averia Serif Regular.ttf"; sourceTree = "<group>"; fileEncoding = undefined; lastKnownFileType = unknown; explicitFileType = undefined; includeInIndex = 0; };
		C24C1BDF65AE4700840C30F2 /* B-Boy.ttf */ = {isa = PBXFileReference; name = "B-Boy.ttf"; path = "../assets/fonts/B-Boy.ttf"; sourceTree = "<group>"; fileEncoding = undefined; lastKnownFileType = unknown; explicitFileType = undefined; includeInIndex = 0; };
		B8E26D968951459AB0D1243F /* Boston Traffic.ttf */ = {isa = PBXFileReference; name = "Boston Traffic.ttf"; path = "../assets/fonts/Boston Traffic.ttf"; sourceTree = "<group>"; fileEncoding = undefined; lastKnownFileType = unknown; explicitFileType = undefined; includeInIndex = 0; };
		ABFC4EA5BC76407F82E1D8F7 /* Brush Of Kent.ttf */ = {isa = PBXFileReference; name = "Brush Of Kent.ttf"; path = "../assets/fonts/Brush Of Kent.ttf"; sourceTree = "<group>"; fileEncoding = undefined; lastKnownFileType = unknown; explicitFileType = undefined; includeInIndex = 0; };
		79D75F555FE14BAAA59F4377 /* Cardinal Alternate.ttf */ = {isa = PBXFileReference; name = "Cardinal Alternate.ttf"; path = "../assets/fonts/Cardinal Alternate.ttf"; sourceTree = "<group>"; fileEncoding = undefined; lastKnownFileType = unknown; explicitFileType = undefined; includeInIndex = 0; };
		3B7E25E5BF0940C9BD2A754A /* Cardinal.ttf */ = {isa = PBXFileReference; name = "Cardinal.ttf"; path = "../assets/fonts/Cardinal.ttf"; sourceTree = "<group>"; fileEncoding = undefined; lastKnownFileType = unknown; explicitFileType = undefined; includeInIndex = 0; };
		28E9CB1FD0E6485A8EAE1BC4 /* Chinese Calligraphy.ttf */ = {isa = PBXFileReference; name = "Chinese Calligraphy.ttf"; path = "../assets/fonts/Chinese Calligraphy.ttf"; sourceTree = "<group>"; fileEncoding = undefined; lastKnownFileType = unknown; explicitFileType = undefined; includeInIndex = 0; };
		073109240DF142928DC452E0 /* Dominican Italic.ttf */ = {isa = PBXFileReference; name = "Dominican Italic.ttf"; path = "../assets/fonts/Dominican Italic.ttf"; sourceTree = "<group>"; fileEncoding = undefined; lastKnownFileType = unknown; explicitFileType = undefined; includeInIndex = 0; };
		DBD6471F47A94AA5AD7B7705 /* Dominican Small Caps.ttf */ = {isa = PBXFileReference; name = "Dominican Small Caps.ttf"; path = "../assets/fonts/Dominican Small Caps.ttf"; sourceTree = "<group>"; fileEncoding = undefined; lastKnownFileType = unknown; explicitFileType = undefined; includeInIndex = 0; };
		A633EF4CFC274A15ADF8AD20 /* Dream Orphans Bold Italic.ttf */ = {isa = PBXFileReference; name = "Dream Orphans Bold Italic.ttf"; path = "../assets/fonts/Dream Orphans Bold Italic.ttf"; sourceTree = "<group>"; fileEncoding = undefined; lastKnownFileType = unknown; explicitFileType = undefined; includeInIndex = 0; };
		C46F83F3D3B34731A2BA3934 /* Dream Orphans Bold.ttf */ = {isa = PBXFileReference; name = "Dream Orphans Bold.ttf"; path = "../assets/fonts/Dream Orphans Bold.ttf"; sourceTree = "<group>"; fileEncoding = undefined; lastKnownFileType = unknown; explicitFileType = undefined; includeInIndex = 0; };
		5D3AAA8305844D36B4D73026 /* Dream Orphans Italic.ttf */ = {isa = PBXFileReference; name = "Dream Orphans Italic.ttf"; path = "../assets/fonts/Dream Orphans Italic.ttf"; sourceTree = "<group>"; fileEncoding = undefined; lastKnownFileType = unknown; explicitFileType = undefined; includeInIndex = 0; };
		251825DC2EB34AFEBC8DCEF3 /* Dream Orphans.ttf */ = {isa = PBXFileReference; name = "Dream Orphans.ttf"; path = "../assets/fonts/Dream Orphans.ttf"; sourceTree = "<group>"; fileEncoding = undefined; lastKnownFileType = unknown; explicitFileType = undefined; includeInIndex = 0; };
		1D2A5D4FA6C144EFA2B9E623 /* Edo SZ.ttf */ = {isa = PBXFileReference; name = "Edo SZ.ttf"; path = "../assets/fonts/Edo SZ.ttf"; sourceTree = "<group>"; fileEncoding = undefined; lastKnownFileType = unknown; explicitFileType = undefined; includeInIndex = 0; };
		9B5F80B253E44D429E99FF11 /* Episode 1.ttf */ = {isa = PBXFileReference; name = "Episode 1.ttf"; path = "../assets/fonts/Episode 1.ttf"; sourceTree = "<group>"; fileEncoding = undefined; lastKnownFileType = unknown; explicitFileType = undefined; includeInIndex = 0; };
		689C484A6D964DFB8B7651E3 /* Ethnocentric Italic.ttf */ = {isa = PBXFileReference; name = "Ethnocentric Italic.ttf"; path = "../assets/fonts/Ethnocentric Italic.ttf"; sourceTree = "<group>"; fileEncoding = undefined; lastKnownFileType = unknown; explicitFileType = undefined; includeInIndex = 0; };
		0EA213311ECE4D38A8D2F644 /* Ethnocentric Regular.ttf */ = {isa = PBXFileReference; name = "Ethnocentric Regular.ttf"; path = "../assets/fonts/Ethnocentric Regular.ttf"; sourceTree = "<group>"; fileEncoding = undefined; lastKnownFileType = unknown; explicitFileType = undefined; includeInIndex = 0; };
		CA18BA51A2324465B5000E6E /* Express.ttf */ = {isa = PBXFileReference; name = "Express.ttf"; path = "../assets/fonts/Express.ttf"; sourceTree = "<group>"; fileEncoding = undefined; lastKnownFileType = unknown; explicitFileType = undefined; includeInIndex = 0; };
		D3690C09B72F496BBE513CA8 /* Expressway.ttf */ = {isa = PBXFileReference; name = "Expressway.ttf"; path = "../assets/fonts/Expressway.ttf"; sourceTree = "<group>"; fileEncoding = undefined; lastKnownFileType = unknown; explicitFileType = undefined; includeInIndex = 0; };
		FAFC9772DD1841678AA42AE2 /* F25 Bank Printer Bold.ttf */ = {isa = PBXFileReference; name = "F25 Bank Printer Bold.ttf"; path = "../assets/fonts/F25 Bank Printer Bold.ttf"; sourceTree = "<group>"; fileEncoding = undefined; lastKnownFileType = unknown; explicitFileType = undefined; includeInIndex = 0; };
		965F0813ED4A4407AA52D781 /* F25 Bank Printer.ttf */ = {isa = PBXFileReference; name = "F25 Bank Printer.ttf"; path = "../assets/fonts/F25 Bank Printer.ttf"; sourceTree = "<group>"; fileEncoding = undefined; lastKnownFileType = unknown; explicitFileType = undefined; includeInIndex = 0; };
		0D7C35B3EE0E4D3BB9C99F08 /* Felt Pen.ttf */ = {isa = PBXFileReference; name = "Felt Pen.ttf"; path = "../assets/fonts/Felt Pen.ttf"; sourceTree = "<group>"; fileEncoding = undefined; lastKnownFileType = unknown; explicitFileType = undefined; includeInIndex = 0; };
		A84B585B3B8749659C2B5D33 /* Flux Architect Bold Italic.ttf */ = {isa = PBXFileReference; name = "Flux Architect Bold Italic.ttf"; path = "../assets/fonts/Flux Architect Bold Italic.ttf"; sourceTree = "<group>"; fileEncoding = undefined; lastKnownFileType = unknown; explicitFileType = undefined; includeInIndex = 0; };
		B42106631C3641D1B03662AA /* Flux Architect Bold.ttf */ = {isa = PBXFileReference; name = "Flux Architect Bold.ttf"; path = "../assets/fonts/Flux Architect Bold.ttf"; sourceTree = "<group>"; fileEncoding = undefined; lastKnownFileType = unknown; explicitFileType = undefined; includeInIndex = 0; };
		AAF18B49B071477DBC6C718A /* Flux Architect Italic.ttf */ = {isa = PBXFileReference; name = "Flux Architect Italic.ttf"; path = "../assets/fonts/Flux Architect Italic.ttf"; sourceTree = "<group>"; fileEncoding = undefined; lastKnownFileType = unknown; explicitFileType = undefined; includeInIndex = 0; };
		5432545642444BE5870BC2DF /* Flux Architect Regular.ttf */ = {isa = PBXFileReference; name = "Flux Architect Regular.ttf"; path = "../assets/fonts/Flux Architect Regular.ttf"; sourceTree = "<group>"; fileEncoding = undefined; lastKnownFileType = unknown; explicitFileType = undefined; includeInIndex = 0; };
		AE5B606D7380411C981AB845 /* Folks Normal.ttf */ = {isa = PBXFileReference; name = "Folks Normal.ttf"; path = "../assets/fonts/Folks Normal.ttf"; sourceTree = "<group>"; fileEncoding = undefined; lastKnownFileType = unknown; explicitFileType = undefined; includeInIndex = 0; };
		2A0C7F7DB4E540F891D69F13 /* Forgotten Futurist Bold Italic.ttf */ = {isa = PBXFileReference; name = "Forgotten Futurist Bold Italic.ttf"; path = "../assets/fonts/Forgotten Futurist Bold Italic.ttf"; sourceTree = "<group>"; fileEncoding = undefined; lastKnownFileType = unknown; explicitFileType = undefined; includeInIndex = 0; };
		FA7B865CB87441F2BD245127 /* Forgotten Futurist Bold.ttf */ = {isa = PBXFileReference; name = "Forgotten Futurist Bold.ttf"; path = "../assets/fonts/Forgotten Futurist Bold.ttf"; sourceTree = "<group>"; fileEncoding = undefined; lastKnownFileType = unknown; explicitFileType = undefined; includeInIndex = 0; };
		DD159991805C4D65BA5D101E /* Forgotten Futurist Italic.ttf */ = {isa = PBXFileReference; name = "Forgotten Futurist Italic.ttf"; path = "../assets/fonts/Forgotten Futurist Italic.ttf"; sourceTree = "<group>"; fileEncoding = undefined; lastKnownFileType = unknown; explicitFileType = undefined; includeInIndex = 0; };
		8F1380F47C1D410096D05742 /* Forgotten Futurist.ttf */ = {isa = PBXFileReference; name = "Forgotten Futurist.ttf"; path = "../assets/fonts/Forgotten Futurist.ttf"; sourceTree = "<group>"; fileEncoding = undefined; lastKnownFileType = unknown; explicitFileType = undefined; includeInIndex = 0; };
		FA58B6D3E42F42DDA5AD0CF5 /* Forgotten.ttf */ = {isa = PBXFileReference; name = "Forgotten.ttf"; path = "../assets/fonts/Forgotten.ttf"; sourceTree = "<group>"; fileEncoding = undefined; lastKnownFileType = unknown; explicitFileType = undefined; includeInIndex = 0; };
		0EA25E9900C84CC099F3BC4A /* Gang Of Three.ttf */ = {isa = PBXFileReference; name = "Gang Of Three.ttf"; path = "../assets/fonts/Gang Of Three.ttf"; sourceTree = "<group>"; fileEncoding = undefined; lastKnownFileType = unknown; explicitFileType = undefined; includeInIndex = 0; };
		AF12C3CA599C45F49D2EF80C /* Graffiti Font.ttf */ = {isa = PBXFileReference; name = "Graffiti Font.ttf"; path = "../assets/fonts/Graffiti Font.ttf"; sourceTree = "<group>"; fileEncoding = undefined; lastKnownFileType = unknown; explicitFileType = undefined; includeInIndex = 0; };
		B63F3037BB7245A4825778B1 /* Gramophone NF.ttf */ = {isa = PBXFileReference; name = "Gramophone NF.ttf"; path = "../assets/fonts/Gramophone NF.ttf"; sourceTree = "<group>"; fileEncoding = undefined; lastKnownFileType = unknown; explicitFileType = undefined; includeInIndex = 0; };
		72EE87D1114240AFAA66B94D /* Hall Fetica Decompose Italic.ttf */ = {isa = PBXFileReference; name = "Hall Fetica Decompose Italic.ttf"; path = "../assets/fonts/Hall Fetica Decompose Italic.ttf"; sourceTree = "<group>"; fileEncoding = undefined; lastKnownFileType = unknown; explicitFileType = undefined; includeInIndex = 0; };
		AA313DA871C046E3B02A1BCC /* Hall Fetica Decompose.ttf */ = {isa = PBXFileReference; name = "Hall Fetica Decompose.ttf"; path = "../assets/fonts/Hall Fetica Decompose.ttf"; sourceTree = "<group>"; fileEncoding = undefined; lastKnownFileType = unknown; explicitFileType = undefined; includeInIndex = 0; };
		F60D25A2E63D4931A33B27FA /* Hall Fetica Italic.ttf */ = {isa = PBXFileReference; name = "Hall Fetica Italic.ttf"; path = "../assets/fonts/Hall Fetica Italic.ttf"; sourceTree = "<group>"; fileEncoding = undefined; lastKnownFileType = unknown; explicitFileType = undefined; includeInIndex = 0; };
		B94BE8B3A4C64B388F729ED6 /* Hall Fetica Narrow Italic.ttf */ = {isa = PBXFileReference; name = "Hall Fetica Narrow Italic.ttf"; path = "../assets/fonts/Hall Fetica Narrow Italic.ttf"; sourceTree = "<group>"; fileEncoding = undefined; lastKnownFileType = unknown; explicitFileType = undefined; includeInIndex = 0; };
		94512FFB41BD437D9707E34B /* Hall Fetica Narrow.ttf */ = {isa = PBXFileReference; name = "Hall Fetica Narrow.ttf"; path = "../assets/fonts/Hall Fetica Narrow.ttf"; sourceTree = "<group>"; fileEncoding = undefined; lastKnownFileType = unknown; explicitFileType = undefined; includeInIndex = 0; };
		9F708A8857D245C7B25A02D8 /* Hall Fetica Upper Decompose It.ttf */ = {isa = PBXFileReference; name = "Hall Fetica Upper Decompose It.ttf"; path = "../assets/fonts/Hall Fetica Upper Decompose It.ttf"; sourceTree = "<group>"; fileEncoding = undefined; lastKnownFileType = unknown; explicitFileType = undefined; includeInIndex = 0; };
		8ACBCB759149493CA9824B51 /* Hall Fetica Upper Decompose.ttf */ = {isa = PBXFileReference; name = "Hall Fetica Upper Decompose.ttf"; path = "../assets/fonts/Hall Fetica Upper Decompose.ttf"; sourceTree = "<group>"; fileEncoding = undefined; lastKnownFileType = unknown; explicitFileType = undefined; includeInIndex = 0; };
		31F69C4C74694DBA97604F09 /* Hall Fetica Upper Italic.ttf */ = {isa = PBXFileReference; name = "Hall Fetica Upper Italic.ttf"; path = "../assets/fonts/Hall Fetica Upper Italic.ttf"; sourceTree = "<group>"; fileEncoding = undefined; lastKnownFileType = unknown; explicitFileType = undefined; includeInIndex = 0; };
		AF7329AECF184458A2B96320 /* Hall Fetica Upper.ttf */ = {isa = PBXFileReference; name = "Hall Fetica Upper.ttf"; path = "../assets/fonts/Hall Fetica Upper.ttf"; sourceTree = "<group>"; fileEncoding = undefined; lastKnownFileType = unknown; explicitFileType = undefined; includeInIndex = 0; };
		69D26A68426948EB850B9C6B /* Hall Fetica Wide.ttf */ = {isa = PBXFileReference; name = "Hall Fetica Wide.ttf"; path = "../assets/fonts/Hall Fetica Wide.ttf"; sourceTree = "<group>"; fileEncoding = undefined; lastKnownFileType = unknown; explicitFileType = undefined; includeInIndex = 0; };
		1754F3806F79479E90EC4DD1 /* Hall Fetica.ttf */ = {isa = PBXFileReference; name = "Hall Fetica.ttf"; path = "../assets/fonts/Hall Fetica.ttf"; sourceTree = "<group>"; fileEncoding = undefined; lastKnownFileType = unknown; explicitFileType = undefined; includeInIndex = 0; };
		E36FF270B1B24D1795B0D4C0 /* Highway Gothic Condensed.ttf */ = {isa = PBXFileReference; name = "Highway Gothic Condensed.ttf"; path = "../assets/fonts/Highway Gothic Condensed.ttf"; sourceTree = "<group>"; fileEncoding = undefined; lastKnownFileType = unknown; explicitFileType = undefined; includeInIndex = 0; };
		182827BCC59A444FA1D08337 /* Highway Gothic Expanded.ttf */ = {isa = PBXFileReference; name = "Highway Gothic Expanded.ttf"; path = "../assets/fonts/Highway Gothic Expanded.ttf"; sourceTree = "<group>"; fileEncoding = undefined; lastKnownFileType = unknown; explicitFileType = undefined; includeInIndex = 0; };
		3992483411C049CB8CC91235 /* Highway Gothic Narrow.ttf */ = {isa = PBXFileReference; name = "Highway Gothic Narrow.ttf"; path = "../assets/fonts/Highway Gothic Narrow.ttf"; sourceTree = "<group>"; fileEncoding = undefined; lastKnownFileType = unknown; explicitFileType = undefined; includeInIndex = 0; };
		E22079547C4B4DF2B4088774 /* Highway Gothic.ttf */ = {isa = PBXFileReference; name = "Highway Gothic.ttf"; path = "../assets/fonts/Highway Gothic.ttf"; sourceTree = "<group>"; fileEncoding = undefined; lastKnownFileType = unknown; explicitFileType = undefined; includeInIndex = 0; };
		BD3A2B18483A47DA98333BAD /* Jungle Fever.ttf */ = {isa = PBXFileReference; name = "Jungle Fever.ttf"; path = "../assets/fonts/Jungle Fever.ttf"; sourceTree = "<group>"; fileEncoding = undefined; lastKnownFileType = unknown; explicitFileType = undefined; includeInIndex = 0; };
		3B4BDCC1D4574DDD84B8F104 /* Kenyan Coffee Bold Italic.ttf */ = {isa = PBXFileReference; name = "Kenyan Coffee Bold Italic.ttf"; path = "../assets/fonts/Kenyan Coffee Bold Italic.ttf"; sourceTree = "<group>"; fileEncoding = undefined; lastKnownFileType = unknown; explicitFileType = undefined; includeInIndex = 0; };
		E6CC636C082A4E108F5EFB0B /* Kenyan Coffee Bold.ttf */ = {isa = PBXFileReference; name = "Kenyan Coffee Bold.ttf"; path = "../assets/fonts/Kenyan Coffee Bold.ttf"; sourceTree = "<group>"; fileEncoding = undefined; lastKnownFileType = unknown; explicitFileType = undefined; includeInIndex = 0; };
		6DDC667B7F34478A89AE167A /* Kenyan Coffee Italic.ttf */ = {isa = PBXFileReference; name = "Kenyan Coffee Italic.ttf"; path = "../assets/fonts/Kenyan Coffee Italic.ttf"; sourceTree = "<group>"; fileEncoding = undefined; lastKnownFileType = unknown; explicitFileType = undefined; includeInIndex = 0; };
		3D76B51A194D409EB3232AEE /* Kenyan Coffee.ttf */ = {isa = PBXFileReference; name = "Kenyan Coffee.ttf"; path = "../assets/fonts/Kenyan Coffee.ttf"; sourceTree = "<group>"; fileEncoding = undefined; lastKnownFileType = unknown; explicitFileType = undefined; includeInIndex = 0; };
		2EEC667ADBC64CB39832E761 /* Kingthings Sans.ttf */ = {isa = PBXFileReference; name = "Kingthings Sans.ttf"; path = "../assets/fonts/Kingthings Sans.ttf"; sourceTree = "<group>"; fileEncoding = undefined; lastKnownFileType = unknown; explicitFileType = undefined; includeInIndex = 0; };
		E20857112D364F5C90457938 /* MetropolisNF.ttf */ = {isa = PBXFileReference; name = "MetropolisNF.ttf"; path = "../assets/fonts/MetropolisNF.ttf"; sourceTree = "<group>"; fileEncoding = undefined; lastKnownFileType = unknown; explicitFileType = undefined; includeInIndex = 0; };
		11102750958C4A899EA4F8FB /* Mirage Gothic.ttf */ = {isa = PBXFileReference; name = "Mirage Gothic.ttf"; path = "../assets/fonts/Mirage Gothic.ttf"; sourceTree = "<group>"; fileEncoding = undefined; lastKnownFileType = unknown; explicitFileType = undefined; includeInIndex = 0; };
		92E5F66585324FEEB0E841BF /* Mirage Italic.ttf */ = {isa = PBXFileReference; name = "Mirage Italic.ttf"; path = "../assets/fonts/Mirage Italic.ttf"; sourceTree = "<group>"; fileEncoding = undefined; lastKnownFileType = unknown; explicitFileType = undefined; includeInIndex = 0; };
		4258833BE1CC41B08CB60E01 /* Old London Alternate.ttf */ = {isa = PBXFileReference; name = "Old London Alternate.ttf"; path = "../assets/fonts/Old London Alternate.ttf"; sourceTree = "<group>"; fileEncoding = undefined; lastKnownFileType = unknown; explicitFileType = undefined; includeInIndex = 0; };
		DF9A72BB8B0746D28A5A7BC2 /* Old London.ttf */ = {isa = PBXFileReference; name = "Old London.ttf"; path = "../assets/fonts/Old London.ttf"; sourceTree = "<group>"; fileEncoding = undefined; lastKnownFileType = unknown; explicitFileType = undefined; includeInIndex = 0; };
		64ED72E7F8DA4768AB08A1E9 /* Pirata One.ttf */ = {isa = PBXFileReference; name = "Pirata One.ttf"; path = "../assets/fonts/Pirata One.ttf"; sourceTree = "<group>"; fileEncoding = undefined; lastKnownFileType = unknown; explicitFileType = undefined; includeInIndex = 0; };
		A10E501444804BED87790DDC /* Super Mario 256.ttf */ = {isa = PBXFileReference; name = "Super Mario 256.ttf"; path = "../assets/fonts/Super Mario 256.ttf"; sourceTree = "<group>"; fileEncoding = undefined; lastKnownFileType = unknown; explicitFileType = undefined; includeInIndex = 0; };
		C6D8C9597E1A49FE8720CF00 /* Titan One.ttf */ = {isa = PBXFileReference; name = "Titan One.ttf"; path = "../assets/fonts/Titan One.ttf"; sourceTree = "<group>"; fileEncoding = undefined; lastKnownFileType = unknown; explicitFileType = undefined; includeInIndex = 0; };
		3F11060EC86545F786BA5EEB /* Yanone Kaffeesatz Bold.ttf */ = {isa = PBXFileReference; name = "Yanone Kaffeesatz Bold.ttf"; path = "../assets/fonts/Yanone Kaffeesatz Bold.ttf"; sourceTree = "<group>"; fileEncoding = undefined; lastKnownFileType = unknown; explicitFileType = undefined; includeInIndex = 0; };
		B96E28E523334C08B2FADBAE /* Yanone Kaffeesatz Light.ttf */ = {isa = PBXFileReference; name = "Yanone Kaffeesatz Light.ttf"; path = "../assets/fonts/Yanone Kaffeesatz Light.ttf"; sourceTree = "<group>"; fileEncoding = undefined; lastKnownFileType = unknown; explicitFileType = undefined; includeInIndex = 0; };
		579855465A8F459C83D07D61 /* Yanone Kaffeesatz Regular.ttf */ = {isa = PBXFileReference; name = "Yanone Kaffeesatz Regular.ttf"; path = "../assets/fonts/Yanone Kaffeesatz Regular.ttf"; sourceTree = "<group>"; fileEncoding = undefined; lastKnownFileType = unknown; explicitFileType = undefined; includeInIndex = 0; };
		E12D359A91E24C509992912A /* Yanone Kaffeesatz Thin.ttf */ = {isa = PBXFileReference; name = "Yanone Kaffeesatz Thin.ttf"; path = "../assets/fonts/Yanone Kaffeesatz Thin.ttf"; sourceTree = "<group>"; fileEncoding = undefined; lastKnownFileType = unknown; explicitFileType = undefined; includeInIndex = 0; };
		F550E7079E5C4D6B80B17FEF /* Highway Gothic Wide.TTF */ = {isa = PBXFileReference; name = "Highway Gothic Wide.TTF"; path = "../assets/fonts/Highway Gothic Wide.TTF"; sourceTree = "<group>"; fileEncoding = undefined; lastKnownFileType = unknown; explicitFileType = undefined; includeInIndex = 0; };
/* End PBXFileReference section */

/* Begin PBXFrameworksBuildPhase section */
		13B07F8C1A680F5B00A75B9A /* Frameworks */ = {
			isa = PBXFrameworksBuildPhase;
			buildActionMask = 2147483647;
			files = (
				0C80B921A6F3F58F76C31292 /* libPods-natallindocartao.a in Frameworks */,
			);
			runOnlyForDeploymentPostprocessing = 0;
		};
/* End PBXFrameworksBuildPhase section */

/* Begin PBXGroup section */
		13B07FAE1A68108700A75B9A /* natallindocartao */ = {
			isa = PBXGroup;
			children = (
				13B07FB51A68108700A75B9A /* Images.xcassets */,
				761780EC2CA45674006654EE /* AppDelegate.swift */,
				13B07FB61A68108700A75B9A /* Info.plist */,
				81AB9BB72411601600AC10FF /* LaunchScreen.storyboard */,
				13B07FB81A68108700A75B9A /* PrivacyInfo.xcprivacy */,
			);
			name = natallindocartao;
			sourceTree = "<group>";
		};
		2D16E6871FA4F8E400B85C8A /* Frameworks */ = {
			isa = PBXGroup;
			children = (
				ED297162215061F000B7C4FE /* JavaScriptCore.framework */,
				5DCACB8F33CDC322A6C60F78 /* libPods-natallindocartao.a */,
			);
			name = Frameworks;
			sourceTree = "<group>";
		};
		832341AE1AAA6A7D00B99B32 /* Libraries */ = {
			isa = PBXGroup;
			children = (
			);
			name = Libraries;
			sourceTree = "<group>";
		};
		83CBB9F61A601CBA00E9B192 = {
			isa = PBXGroup;
			children = (
				13B07FAE1A68108700A75B9A /* natallindocartao */,
				832341AE1AAA6A7D00B99B32 /* Libraries */,
				83CBBA001A601CBA00E9B192 /* Products */,
				2D16E6871FA4F8E400B85C8A /* Frameworks */,
				BBD78D7AC51CEA395F1C20DB /* Pods */,
				78AFFB6810D049C1ADA6EA05 /* Resources */,
			);
			indentWidth = 2;
			sourceTree = "<group>";
			tabWidth = 2;
			usesTabs = 0;
		};
		83CBBA001A601CBA00E9B192 /* Products */ = {
			isa = PBXGroup;
			children = (
				13B07F961A680F5B00A75B9A /* natallindocartao.app */,
			);
			name = Products;
			sourceTree = "<group>";
		};
		BBD78D7AC51CEA395F1C20DB /* Pods */ = {
			isa = PBXGroup;
			children = (
				3B4392A12AC88292D35C810B /* Pods-natallindocartao.debug.xcconfig */,
				5709B34CF0A7D63546082F79 /* Pods-natallindocartao.release.xcconfig */,
			);
			path = Pods;
			sourceTree = "<group>";
		};
		78AFFB6810D049C1ADA6EA05 /* Resources */ = {
			isa = "PBXGroup";
			children = (
				CBE342B60D4A462692A19B30 /* Archeologicaps.ttf */,
				ED25339D280C42A295D2923D /* Artistica.ttf */,
				78E32BF3D3164175A224291E /* Bodonitown.ttf */,
				A1AA8CB866F24142BE3BAD39 /* CarbonType.ttf */,
				9494356BD5AD401095E42C5D /* Dominican.ttf */,
				18C3EF55A86F4F84B221A82B /* Jelly.ttf */,
				AE24AED435834E9499185810 /* Metropolis.ttf */,
				88A0485D40F943548F61655D /* Mirage.ttf */,
				35C0E5A402B549678D8C2F9A /* 1942 Report.ttf */,
				BD95DBDD86654017BAA515DC /* 36 Days Ago Bold.ttf */,
				F278F4346A3C4E27A7533415 /* 36 Days Ago Regular.ttf */,
				E4AC96CA55CE401DAE90FA0B /* 8 Bit Wonder.ttf */,
				111993DA5DA644FAA71C2976 /* A Dripping Marker.ttf */,
				FF4C7109199A46ADBD53CB01 /* Airmole Antique.ttf */,
				9E119851710E450282FAABFF /* Airmole Regular.ttf */,
				3B5E9B4AC3A94AD6A7CE3828 /* Airmole Shaded.ttf */,
				E7C2CD63D89040D8BEFECE7A /* Airmole Stripe.ttf */,
				3ABDFF93C5A548D38041F85B /* Aldo.ttf */,
				D1F03A314FCC489FB9996222 /* Almonte.ttf */,
				BCA1F359865C4E9496B622E3 /* Amerika Sans.ttf */,
				100374F9F8FB46E4A038DC03 /* Art Brush.ttf */,
				5B3E36959E0D498C8D8369C8 /* Averia Bold Italic.ttf */,
				DACEFFDE3A264756BB8A8843 /* Averia Bold.ttf */,
				5FFD834A97FB49839B1E6DFA /* Averia Gruesa.ttf */,
				3EAFE0523C2B43F89275C8E5 /* Averia Italic.ttf */,
				4622910A112C4F93BF56357E /* Averia Light Italic.ttf */,
				223695E9EC73496898D13FB2 /* Averia Light.ttf */,
				78AC6E78C73E4E30A41B20AC /* Averia Regular.ttf */,
				59A89548F2CC477087902EBB /* Averia Serif Bold Italic.ttf */,
				58182754584B411A9DDE9990 /* Averia Serif Bold.ttf */,
				00F36E88853547F7858FC2F5 /* Averia Serif Italic.ttf */,
				6691F671185C44859C346841 /* Averia Serif Light Italic.ttf */,
				E7BDF9EDC92041F592AEEA96 /* Averia Serif Light.ttf */,
				7BBF09322D1E4E7D904651DF /* Averia Serif Regular.ttf */,
				C24C1BDF65AE4700840C30F2 /* B-Boy.ttf */,
				B8E26D968951459AB0D1243F /* Boston Traffic.ttf */,
				ABFC4EA5BC76407F82E1D8F7 /* Brush Of Kent.ttf */,
				79D75F555FE14BAAA59F4377 /* Cardinal Alternate.ttf */,
				3B7E25E5BF0940C9BD2A754A /* Cardinal.ttf */,
				28E9CB1FD0E6485A8EAE1BC4 /* Chinese Calligraphy.ttf */,
				073109240DF142928DC452E0 /* Dominican Italic.ttf */,
				DBD6471F47A94AA5AD7B7705 /* Dominican Small Caps.ttf */,
				A633EF4CFC274A15ADF8AD20 /* Dream Orphans Bold Italic.ttf */,
				C46F83F3D3B34731A2BA3934 /* Dream Orphans Bold.ttf */,
				5D3AAA8305844D36B4D73026 /* Dream Orphans Italic.ttf */,
				251825DC2EB34AFEBC8DCEF3 /* Dream Orphans.ttf */,
				1D2A5D4FA6C144EFA2B9E623 /* Edo SZ.ttf */,
				9B5F80B253E44D429E99FF11 /* Episode 1.ttf */,
				689C484A6D964DFB8B7651E3 /* Ethnocentric Italic.ttf */,
				0EA213311ECE4D38A8D2F644 /* Ethnocentric Regular.ttf */,
				CA18BA51A2324465B5000E6E /* Express.ttf */,
				D3690C09B72F496BBE513CA8 /* Expressway.ttf */,
				FAFC9772DD1841678AA42AE2 /* F25 Bank Printer Bold.ttf */,
				965F0813ED4A4407AA52D781 /* F25 Bank Printer.ttf */,
				0D7C35B3EE0E4D3BB9C99F08 /* Felt Pen.ttf */,
				A84B585B3B8749659C2B5D33 /* Flux Architect Bold Italic.ttf */,
				B42106631C3641D1B03662AA /* Flux Architect Bold.ttf */,
				AAF18B49B071477DBC6C718A /* Flux Architect Italic.ttf */,
				5432545642444BE5870BC2DF /* Flux Architect Regular.ttf */,
				AE5B606D7380411C981AB845 /* Folks Normal.ttf */,
				2A0C7F7DB4E540F891D69F13 /* Forgotten Futurist Bold Italic.ttf */,
				FA7B865CB87441F2BD245127 /* Forgotten Futurist Bold.ttf */,
				DD159991805C4D65BA5D101E /* Forgotten Futurist Italic.ttf */,
				8F1380F47C1D410096D05742 /* Forgotten Futurist.ttf */,
				FA58B6D3E42F42DDA5AD0CF5 /* Forgotten.ttf */,
				0EA25E9900C84CC099F3BC4A /* Gang Of Three.ttf */,
				AF12C3CA599C45F49D2EF80C /* Graffiti Font.ttf */,
				B63F3037BB7245A4825778B1 /* Gramophone NF.ttf */,
				72EE87D1114240AFAA66B94D /* Hall Fetica Decompose Italic.ttf */,
				AA313DA871C046E3B02A1BCC /* Hall Fetica Decompose.ttf */,
				F60D25A2E63D4931A33B27FA /* Hall Fetica Italic.ttf */,
				B94BE8B3A4C64B388F729ED6 /* Hall Fetica Narrow Italic.ttf */,
				94512FFB41BD437D9707E34B /* Hall Fetica Narrow.ttf */,
				9F708A8857D245C7B25A02D8 /* Hall Fetica Upper Decompose It.ttf */,
				8ACBCB759149493CA9824B51 /* Hall Fetica Upper Decompose.ttf */,
				31F69C4C74694DBA97604F09 /* Hall Fetica Upper Italic.ttf */,
				AF7329AECF184458A2B96320 /* Hall Fetica Upper.ttf */,
				69D26A68426948EB850B9C6B /* Hall Fetica Wide.ttf */,
				1754F3806F79479E90EC4DD1 /* Hall Fetica.ttf */,
				E36FF270B1B24D1795B0D4C0 /* Highway Gothic Condensed.ttf */,
				182827BCC59A444FA1D08337 /* Highway Gothic Expanded.ttf */,
				3992483411C049CB8CC91235 /* Highway Gothic Narrow.ttf */,
				E22079547C4B4DF2B4088774 /* Highway Gothic.ttf */,
				BD3A2B18483A47DA98333BAD /* Jungle Fever.ttf */,
				3B4BDCC1D4574DDD84B8F104 /* Kenyan Coffee Bold Italic.ttf */,
				E6CC636C082A4E108F5EFB0B /* Kenyan Coffee Bold.ttf */,
				6DDC667B7F34478A89AE167A /* Kenyan Coffee Italic.ttf */,
				3D76B51A194D409EB3232AEE /* Kenyan Coffee.ttf */,
				2EEC667ADBC64CB39832E761 /* Kingthings Sans.ttf */,
				E20857112D364F5C90457938 /* MetropolisNF.ttf */,
				11102750958C4A899EA4F8FB /* Mirage Gothic.ttf */,
				92E5F66585324FEEB0E841BF /* Mirage Italic.ttf */,
				4258833BE1CC41B08CB60E01 /* Old London Alternate.ttf */,
				DF9A72BB8B0746D28A5A7BC2 /* Old London.ttf */,
				64ED72E7F8DA4768AB08A1E9 /* Pirata One.ttf */,
				A10E501444804BED87790DDC /* Super Mario 256.ttf */,
				C6D8C9597E1A49FE8720CF00 /* Titan One.ttf */,
				3F11060EC86545F786BA5EEB /* Yanone Kaffeesatz Bold.ttf */,
				B96E28E523334C08B2FADBAE /* Yanone Kaffeesatz Light.ttf */,
				579855465A8F459C83D07D61 /* Yanone Kaffeesatz Regular.ttf */,
				E12D359A91E24C509992912A /* Yanone Kaffeesatz Thin.ttf */,
				F550E7079E5C4D6B80B17FEF /* Highway Gothic Wide.TTF */,
			);
			name = Resources;
			sourceTree = "<group>";
			path = "";
		};
/* End PBXGroup section */

/* Begin PBXNativeTarget section */
		13B07F861A680F5B00A75B9A /* natallindocartao */ = {
			isa = PBXNativeTarget;
			buildConfigurationList = 13B07F931A680F5B00A75B9A /* Build configuration list for PBXNativeTarget "natallindocartao" */;
			buildPhases = (
				C38B50BA6285516D6DCD4F65 /* [CP] Check Pods Manifest.lock */,
				13B07F871A680F5B00A75B9A /* Sources */,
				13B07F8C1A680F5B00A75B9A /* Frameworks */,
				13B07F8E1A680F5B00A75B9A /* Resources */,
				00DD1BFF1BD5951E006B06BC /* Bundle React Native code and images */,
				00EEFC60759A1932668264C0 /* [CP] Embed Pods Frameworks */,
				E235C05ADACE081382539298 /* [CP] Copy Pods Resources */,
			);
			buildRules = (
			);
			dependencies = (
			);
			name = natallindocartao;
			productName = natallindocartao;
			productReference = 13B07F961A680F5B00A75B9A /* natallindocartao.app */;
			productType = "com.apple.product-type.application";
		};
/* End PBXNativeTarget section */

/* Begin PBXProject section */
		83CBB9F71A601CBA00E9B192 /* Project object */ = {
			isa = PBXProject;
			attributes = {
				LastUpgradeCheck = 1210;
				TargetAttributes = {
					13B07F861A680F5B00A75B9A = {
						LastSwiftMigration = 1120;
					};
				};
			};
			buildConfigurationList = 83CBB9FA1A601CBA00E9B192 /* Build configuration list for PBXProject "natallindocartao" */;
			compatibilityVersion = "Xcode 12.0";
			developmentRegion = en;
			hasScannedForEncodings = 0;
			knownRegions = (
				en,
				Base,
			);
			mainGroup = 83CBB9F61A601CBA00E9B192;
			productRefGroup = 83CBBA001A601CBA00E9B192 /* Products */;
			projectDirPath = "";
			projectRoot = "";
			targets = (
				13B07F861A680F5B00A75B9A /* natallindocartao */,
			);
		};
/* End PBXProject section */

/* Begin PBXResourcesBuildPhase section */
		13B07F8E1A680F5B00A75B9A /* Resources */ = {
			isa = PBXResourcesBuildPhase;
			buildActionMask = 2147483647;
			files = (
				81AB9BB82411601600AC10FF /* LaunchScreen.storyboard in Resources */,
				13B07FBF1A68108700A75B9A /* Images.xcassets in Resources */,
				5466D1BF785B4C85A069C895 /* Archeologicaps.ttf in Resources */,
				5FFD0332306E4C8B9C88DC58 /* Artistica.ttf in Resources */,
				26CE26DF11844A8C90EDFEA9 /* Bodonitown.ttf in Resources */,
				9CAC817AB3F04664B78742E4 /* CarbonType.ttf in Resources */,
				EE191061005D44FE8D4D0ED9 /* Dominican.ttf in Resources */,
				1CA23E3D8EC443498B1BFC8A /* Jelly.ttf in Resources */,
				8C52BF8224CA42D3A9E1AA92 /* Metropolis.ttf in Resources */,
				29531305BCF7452497B2063E /* Mirage.ttf in Resources */,
				DB0CBF54CF534C3EA7448974 /* 1942 Report.ttf in Resources */,
				AA3E97B8AE514EBABE5E65AE /* 36 Days Ago Bold.ttf in Resources */,
				3407F202FA7C4DBDB0C8C97D /* 36 Days Ago Regular.ttf in Resources */,
				7D88B91849A54977A9E87C75 /* 8 Bit Wonder.ttf in Resources */,
				6036C4CC58654B7E9674925C /* A Dripping Marker.ttf in Resources */,
				6D1DCE0856F2477389873253 /* Airmole Antique.ttf in Resources */,
				3E97CB6AA79044808BB2E5A1 /* Airmole Regular.ttf in Resources */,
				AEBF9088ACDA43418BC9A45A /* Airmole Shaded.ttf in Resources */,
				8A4AC144852C47D08CF64799 /* Airmole Stripe.ttf in Resources */,
				2934AA933DAD46E59529499D /* Aldo.ttf in Resources */,
				244A4E0056AC461E97F37B03 /* Almonte.ttf in Resources */,
				789DDA072C294EEFB768FC00 /* Amerika Sans.ttf in Resources */,
				01C653ADC5BB4DC4964333E6 /* Art Brush.ttf in Resources */,
				583DA2DB57CB43EEAC1F72C4 /* Averia Bold Italic.ttf in Resources */,
				15E8760BEBA943199DCBBD16 /* Averia Bold.ttf in Resources */,
				5B0E34BFDF364D4581E4C022 /* Averia Gruesa.ttf in Resources */,
				CF55BEC233BD4829AED2321E /* Averia Italic.ttf in Resources */,
				4F343FE8B31F40DA91587CFD /* Averia Light Italic.ttf in Resources */,
				4C93DE0A70494BE9BF681B95 /* Averia Light.ttf in Resources */,
				23BB6E5EBFF842118AF15B21 /* Averia Regular.ttf in Resources */,
				94FF2C5D97E343CAB34B2138 /* Averia Serif Bold Italic.ttf in Resources */,
				D6AF36807F114D56B9021F16 /* Averia Serif Bold.ttf in Resources */,
				3A46D7E67AF44CE396C20F3A /* Averia Serif Italic.ttf in Resources */,
				3FCCED7272A64341A2A27421 /* Averia Serif Light Italic.ttf in Resources */,
				DD4034E47283424B95484263 /* Averia Serif Light.ttf in Resources */,
				CD10250396A94D4C843A5E07 /* Averia Serif Regular.ttf in Resources */,
				CAB558CC18604D2696BA4DEC /* B-Boy.ttf in Resources */,
				BBB9834369E5497B8F529980 /* Boston Traffic.ttf in Resources */,
				150FBA33F94A4494B5E583BD /* Brush Of Kent.ttf in Resources */,
				3A88376FDF8440478A5302B8 /* Cardinal Alternate.ttf in Resources */,
				B6AA70C27E6E4AEAB515941A /* Cardinal.ttf in Resources */,
				F2F6D19965AF45C59B5A782B /* Chinese Calligraphy.ttf in Resources */,
				D2B81E374B9A4EEA91868638 /* Dominican Italic.ttf in Resources */,
				02B1937B90BE41D8A453A499 /* Dominican Small Caps.ttf in Resources */,
				820C16C7304E4CF29B7CEF70 /* Dream Orphans Bold Italic.ttf in Resources */,
				2ADE3CC00CF54CF883E82B70 /* Dream Orphans Bold.ttf in Resources */,
				08E4268817474BF593CE304B /* Dream Orphans Italic.ttf in Resources */,
				BEC1083647AB40D0BA143C10 /* Dream Orphans.ttf in Resources */,
				824C8A994B934ABDADB7FB15 /* Edo SZ.ttf in Resources */,
				5E43BBA58C2649FBB5874177 /* Episode 1.ttf in Resources */,
				0AB5C55DF7624AFA9D19FDA2 /* Ethnocentric Italic.ttf in Resources */,
				92FCED1F75774DFB9F3638C4 /* Ethnocentric Regular.ttf in Resources */,
				26D2F95EF9724BF1AD989C79 /* Express.ttf in Resources */,
				00628AC314BF449ABAFC79DF /* Expressway.ttf in Resources */,
				6A54D7BEF1D447808A7B0AD8 /* F25 Bank Printer Bold.ttf in Resources */,
				11FB4249300642869212D832 /* F25 Bank Printer.ttf in Resources */,
				20634065A8074DC5A20431E4 /* Felt Pen.ttf in Resources */,
				C97123CD06B74213A54CFE41 /* Flux Architect Bold Italic.ttf in Resources */,
				3B877D8BA3374777923E242D /* Flux Architect Bold.ttf in Resources */,
				9CE24513D1A6490C950D52CE /* Flux Architect Italic.ttf in Resources */,
				A4B4C3E14B284DD9A6F53AB8 /* Flux Architect Regular.ttf in Resources */,
				FD18D74C980644C28883F58F /* Folks Normal.ttf in Resources */,
				56ECFE93E59440299E332F8D /* Forgotten Futurist Bold Italic.ttf in Resources */,
				3EFAABAB6D894AEDB51C1299 /* Forgotten Futurist Bold.ttf in Resources */,
				7F53926A95CA4B79812B4094 /* Forgotten Futurist Italic.ttf in Resources */,
				65A4B617105D4FE8BBCC1D82 /* Forgotten Futurist.ttf in Resources */,
				C6F5ADA95DED40A48320A2DA /* Forgotten.ttf in Resources */,
				51857EC97E114BF59F9622A0 /* Gang Of Three.ttf in Resources */,
				B739547B50174E4988C6B291 /* Graffiti Font.ttf in Resources */,
				C9AECF1E74E346C8A75A2C67 /* Gramophone NF.ttf in Resources */,
				F731200B72E64C3C863925AA /* Hall Fetica Decompose Italic.ttf in Resources */,
				E68FC9801E6D46E49940F074 /* Hall Fetica Decompose.ttf in Resources */,
				3E45CB4EB1B9412EB915BAF6 /* Hall Fetica Italic.ttf in Resources */,
				E02672A0507F4D5DA176CEBA /* Hall Fetica Narrow Italic.ttf in Resources */,
				220AFDF8881F455680A6781B /* Hall Fetica Narrow.ttf in Resources */,
				871A1510C6DD43C6B7BB7FD1 /* Hall Fetica Upper Decompose It.ttf in Resources */,
				F496B914947F4355A8D06C52 /* Hall Fetica Upper Decompose.ttf in Resources */,
				F794514EEB27424D84FF69CB /* Hall Fetica Upper Italic.ttf in Resources */,
				11EA080EAFB149FE8C6411AD /* Hall Fetica Upper.ttf in Resources */,
				9D33F3F936FC43E68C67A3AB /* Hall Fetica Wide.ttf in Resources */,
				975D14B3DC1D433983EA62AB /* Hall Fetica.ttf in Resources */,
				BECF305ECC4241CCBD380AF8 /* Highway Gothic Condensed.ttf in Resources */,
				B4A3970CBD044870B5C80E11 /* Highway Gothic Expanded.ttf in Resources */,
				D3BCE48F4486489A8EC8EA70 /* Highway Gothic Narrow.ttf in Resources */,
				C936A0D1A20847A9B597B2DF /* Highway Gothic.ttf in Resources */,
				12102D3B3D79413F84E9DF7F /* Jungle Fever.ttf in Resources */,
				99F356D37C1646688481E8BC /* Kenyan Coffee Bold Italic.ttf in Resources */,
				68BA8288433C49F0B64C6979 /* Kenyan Coffee Bold.ttf in Resources */,
				B8AF5B544A88478BAB2498B9 /* Kenyan Coffee Italic.ttf in Resources */,
				8B63BAA12EFC4E50A8D624D3 /* Kenyan Coffee.ttf in Resources */,
				ABBAC072D4EB497DB94969B4 /* Kingthings Sans.ttf in Resources */,
				C1FA889C4CF54242AD312AE8 /* MetropolisNF.ttf in Resources */,
				ADB8AF99E410428E9B5ABEE0 /* Mirage Gothic.ttf in Resources */,
				671B8D6F406E45EAAB4D71D8 /* Mirage Italic.ttf in Resources */,
				CF40B58D59F6468687FA3307 /* Old London Alternate.ttf in Resources */,
				C930779364E44C2A9EB6B029 /* Old London.ttf in Resources */,
				B2FEBAA7D5CC4EA5B2CB453C /* Pirata One.ttf in Resources */,
				CA56995FDB9245A295015E88 /* Super Mario 256.ttf in Resources */,
				60B266A1EED34FCCB58E03E4 /* Titan One.ttf in Resources */,
				4C1ABC8557554542BBB2C708 /* Yanone Kaffeesatz Bold.ttf in Resources */,
				2F6514731A02429CB32908E8 /* Yanone Kaffeesatz Light.ttf in Resources */,
				04344F61B8AC4940A75E546F /* Yanone Kaffeesatz Regular.ttf in Resources */,
				59DB7E6217FC460FAEF20870 /* Yanone Kaffeesatz Thin.ttf in Resources */,
				E984CFBD07EA4AFE81CE5D91 /* Highway Gothic Wide.TTF in Resources */,
			);
			runOnlyForDeploymentPostprocessing = 0;
		};
/* End PBXResourcesBuildPhase section */

/* Begin PBXShellScriptBuildPhase section */
		00DD1BFF1BD5951E006B06BC /* Bundle React Native code and images */ = {
			isa = PBXShellScriptBuildPhase;
			buildActionMask = 2147483647;
			files = (
			);
			inputPaths = (
				"$(SRCROOT)/.xcode.env.local",
				"$(SRCROOT)/.xcode.env",
			);
			name = "Bundle React Native code and images";
			outputPaths = (
			);
			runOnlyForDeploymentPostprocessing = 0;
			shellPath = /bin/sh;
			shellScript = "set -e\n\nWITH_ENVIRONMENT=\"$REACT_NATIVE_PATH/scripts/xcode/with-environment.sh\"\nREACT_NATIVE_XCODE=\"$REACT_NATIVE_PATH/scripts/react-native-xcode.sh\"\n\n/bin/sh -c \"$WITH_ENVIRONMENT $REACT_NATIVE_XCODE\"\n";
		};
		00EEFC60759A1932668264C0 /* [CP] Embed Pods Frameworks */ = {
			isa = PBXShellScriptBuildPhase;
			buildActionMask = 2147483647;
			files = (
			);
			inputFileListPaths = (
				"${PODS_ROOT}/Target Support Files/Pods-natallindocartao/Pods-natallindocartao-frameworks-${CONFIGURATION}-input-files.xcfilelist",
			);
			name = "[CP] Embed Pods Frameworks";
			outputFileListPaths = (
				"${PODS_ROOT}/Target Support Files/Pods-natallindocartao/Pods-natallindocartao-frameworks-${CONFIGURATION}-output-files.xcfilelist",
			);
			runOnlyForDeploymentPostprocessing = 0;
			shellPath = /bin/sh;
			shellScript = "\"${PODS_ROOT}/Target Support Files/Pods-natallindocartao/Pods-natallindocartao-frameworks.sh\"\n";
			showEnvVarsInLog = 0;
		};
		C38B50BA6285516D6DCD4F65 /* [CP] Check Pods Manifest.lock */ = {
			isa = PBXShellScriptBuildPhase;
			buildActionMask = 2147483647;
			files = (
			);
			inputFileListPaths = (
			);
			inputPaths = (
				"${PODS_PODFILE_DIR_PATH}/Podfile.lock",
				"${PODS_ROOT}/Manifest.lock",
			);
			name = "[CP] Check Pods Manifest.lock";
			outputFileListPaths = (
			);
			outputPaths = (
				"$(DERIVED_FILE_DIR)/Pods-natallindocartao-checkManifestLockResult.txt",
			);
			runOnlyForDeploymentPostprocessing = 0;
			shellPath = /bin/sh;
			shellScript = "diff \"${PODS_PODFILE_DIR_PATH}/Podfile.lock\" \"${PODS_ROOT}/Manifest.lock\" > /dev/null\nif [ $? != 0 ] ; then\n    # print error to STDERR\n    echo \"error: The sandbox is not in sync with the Podfile.lock. Run 'pod install' or update your CocoaPods installation.\" >&2\n    exit 1\nfi\n# This output is used by Xcode 'outputs' to avoid re-running this script phase.\necho \"SUCCESS\" > \"${SCRIPT_OUTPUT_FILE_0}\"\n";
			showEnvVarsInLog = 0;
		};
		E235C05ADACE081382539298 /* [CP] Copy Pods Resources */ = {
			isa = PBXShellScriptBuildPhase;
			buildActionMask = 2147483647;
			files = (
			);
			inputFileListPaths = (
				"${PODS_ROOT}/Target Support Files/Pods-natallindocartao/Pods-natallindocartao-resources-${CONFIGURATION}-input-files.xcfilelist",
			);
			name = "[CP] Copy Pods Resources";
			outputFileListPaths = (
				"${PODS_ROOT}/Target Support Files/Pods-natallindocartao/Pods-natallindocartao-resources-${CONFIGURATION}-output-files.xcfilelist",
			);
			runOnlyForDeploymentPostprocessing = 0;
			shellPath = /bin/sh;
			shellScript = "\"${PODS_ROOT}/Target Support Files/Pods-natallindocartao/Pods-natallindocartao-resources.sh\"\n";
			showEnvVarsInLog = 0;
		};
/* End PBXShellScriptBuildPhase section */

/* Begin PBXSourcesBuildPhase section */
		13B07F871A680F5B00A75B9A /* Sources */ = {
			isa = PBXSourcesBuildPhase;
			buildActionMask = 2147483647;
			files = (
				761780ED2CA45674006654EE /* AppDelegate.swift in Sources */,
			);
			runOnlyForDeploymentPostprocessing = 0;
		};
/* End PBXSourcesBuildPhase section */

/* Begin XCBuildConfiguration section */
		13B07F941A680F5B00A75B9A /* Debug */ = {
			isa = XCBuildConfiguration;
			baseConfigurationReference = 3B4392A12AC88292D35C810B /* Pods-natallindocartao.debug.xcconfig */;
			buildSettings = {
				ASSETCATALOG_COMPILER_APPICON_NAME = AppIcon;
				CLANG_ENABLE_MODULES = YES;
				CURRENT_PROJECT_VERSION = 1;
				ENABLE_BITCODE = NO;
				INFOPLIST_FILE = natallindocartao/Info.plist;
				IPHONEOS_DEPLOYMENT_TARGET = 15.1;
				LD_RUNPATH_SEARCH_PATHS = (
					"$(inherited)",
					"@executable_path/Frameworks",
				);
				MARKETING_VERSION = 1.0;
				OTHER_LDFLAGS = (
					"$(inherited)",
					"-ObjC",
					"-lc++",
				);
				PRODUCT_BUNDLE_IDENTIFIER = "org.reactjs.native.example.$(PRODUCT_NAME:rfc1034identifier)";
				PRODUCT_NAME = natallindocartao;
				SWIFT_OPTIMIZATION_LEVEL = "-Onone";
				SWIFT_VERSION = 5.0;
				VERSIONING_SYSTEM = "apple-generic";
			};
			name = Debug;
		};
		13B07F951A680F5B00A75B9A /* Release */ = {
			isa = XCBuildConfiguration;
			baseConfigurationReference = 5709B34CF0A7D63546082F79 /* Pods-natallindocartao.release.xcconfig */;
			buildSettings = {
				ASSETCATALOG_COMPILER_APPICON_NAME = AppIcon;
				CLANG_ENABLE_MODULES = YES;
				CURRENT_PROJECT_VERSION = 1;
				INFOPLIST_FILE = natallindocartao/Info.plist;
				IPHONEOS_DEPLOYMENT_TARGET = 15.1;
				LD_RUNPATH_SEARCH_PATHS = (
					"$(inherited)",
					"@executable_path/Frameworks",
				);
				MARKETING_VERSION = 1.0;
				OTHER_LDFLAGS = (
					"$(inherited)",
					"-ObjC",
					"-lc++",
				);
				PRODUCT_BUNDLE_IDENTIFIER = "org.reactjs.native.example.$(PRODUCT_NAME:rfc1034identifier)";
				PRODUCT_NAME = natallindocartao;
				SWIFT_VERSION = 5.0;
				VERSIONING_SYSTEM = "apple-generic";
			};
			name = Release;
		};
		83CBBA201A601CBA00E9B192 /* Debug */ = {
			isa = XCBuildConfiguration;
			buildSettings = {
				ALWAYS_SEARCH_USER_PATHS = NO;
				CLANG_ANALYZER_LOCALIZABILITY_NONLOCALIZED = YES;
				CLANG_CXX_LANGUAGE_STANDARD = "c++20";
				CLANG_CXX_LIBRARY = "libc++";
				CLANG_ENABLE_MODULES = YES;
				CLANG_ENABLE_OBJC_ARC = YES;
				CLANG_WARN_BLOCK_CAPTURE_AUTORELEASING = YES;
				CLANG_WARN_BOOL_CONVERSION = YES;
				CLANG_WARN_COMMA = YES;
				CLANG_WARN_CONSTANT_CONVERSION = YES;
				CLANG_WARN_DEPRECATED_OBJC_IMPLEMENTATIONS = YES;
				CLANG_WARN_DIRECT_OBJC_ISA_USAGE = YES_ERROR;
				CLANG_WARN_EMPTY_BODY = YES;
				CLANG_WARN_ENUM_CONVERSION = YES;
				CLANG_WARN_INFINITE_RECURSION = YES;
				CLANG_WARN_INT_CONVERSION = YES;
				CLANG_WARN_NON_LITERAL_NULL_CONVERSION = YES;
				CLANG_WARN_OBJC_IMPLICIT_RETAIN_SELF = YES;
				CLANG_WARN_OBJC_LITERAL_CONVERSION = YES;
				CLANG_WARN_OBJC_ROOT_CLASS = YES_ERROR;
				CLANG_WARN_QUOTED_INCLUDE_IN_FRAMEWORK_HEADER = YES;
				CLANG_WARN_RANGE_LOOP_ANALYSIS = YES;
				CLANG_WARN_STRICT_PROTOTYPES = YES;
				CLANG_WARN_SUSPICIOUS_MOVE = YES;
				CLANG_WARN_UNREACHABLE_CODE = YES;
				CLANG_WARN__DUPLICATE_METHOD_MATCH = YES;
				"CODE_SIGN_IDENTITY[sdk=iphoneos*]" = "iPhone Developer";
				COPY_PHASE_STRIP = NO;
				ENABLE_STRICT_OBJC_MSGSEND = YES;
				ENABLE_TESTABILITY = YES;
				"EXCLUDED_ARCHS[sdk=iphonesimulator*]" = "";
				GCC_C_LANGUAGE_STANDARD = gnu99;
				GCC_DYNAMIC_NO_PIC = NO;
				GCC_NO_COMMON_BLOCKS = YES;
				GCC_OPTIMIZATION_LEVEL = 0;
				GCC_PREPROCESSOR_DEFINITIONS = (
					"DEBUG=1",
					"$(inherited)",
				);
				GCC_SYMBOLS_PRIVATE_EXTERN = NO;
				GCC_WARN_64_TO_32_BIT_CONVERSION = YES;
				GCC_WARN_ABOUT_RETURN_TYPE = YES_ERROR;
				GCC_WARN_UNDECLARED_SELECTOR = YES;
				GCC_WARN_UNINITIALIZED_AUTOS = YES_AGGRESSIVE;
				GCC_WARN_UNUSED_FUNCTION = YES;
				GCC_WARN_UNUSED_VARIABLE = YES;
				IPHONEOS_DEPLOYMENT_TARGET = 15.1;
				LD_RUNPATH_SEARCH_PATHS = (
					/usr/lib/swift,
					"$(inherited)",
				);
				LIBRARY_SEARCH_PATHS = (
					"\"$(SDKROOT)/usr/lib/swift\"",
					"\"$(TOOLCHAIN_DIR)/usr/lib/swift/$(PLATFORM_NAME)\"",
					"\"$(inherited)\"",
				);
				MTL_ENABLE_DEBUG_INFO = YES;
				ONLY_ACTIVE_ARCH = YES;
				OTHER_CPLUSPLUSFLAGS = (
					"$(OTHER_CFLAGS)",
					"-DFOLLY_NO_CONFIG",
					"-DFOLLY_MOBILE=1",
					"-DFOLLY_USE_LIBCPP=1",
					"-DFOLLY_CFG_NO_COROUTINES=1",
					"-DFOLLY_HAVE_CLOCK_GETTIME=1",
				);
				SDKROOT = iphoneos;
			};
			name = Debug;
		};
		83CBBA211A601CBA00E9B192 /* Release */ = {
			isa = XCBuildConfiguration;
			buildSettings = {
				ALWAYS_SEARCH_USER_PATHS = NO;
				CLANG_ANALYZER_LOCALIZABILITY_NONLOCALIZED = YES;
				CLANG_CXX_LANGUAGE_STANDARD = "c++20";
				CLANG_CXX_LIBRARY = "libc++";
				CLANG_ENABLE_MODULES = YES;
				CLANG_ENABLE_OBJC_ARC = YES;
				CLANG_WARN_BLOCK_CAPTURE_AUTORELEASING = YES;
				CLANG_WARN_BOOL_CONVERSION = YES;
				CLANG_WARN_COMMA = YES;
				CLANG_WARN_CONSTANT_CONVERSION = YES;
				CLANG_WARN_DEPRECATED_OBJC_IMPLEMENTATIONS = YES;
				CLANG_WARN_DIRECT_OBJC_ISA_USAGE = YES_ERROR;
				CLANG_WARN_EMPTY_BODY = YES;
				CLANG_WARN_ENUM_CONVERSION = YES;
				CLANG_WARN_INFINITE_RECURSION = YES;
				CLANG_WARN_INT_CONVERSION = YES;
				CLANG_WARN_NON_LITERAL_NULL_CONVERSION = YES;
				CLANG_WARN_OBJC_IMPLICIT_RETAIN_SELF = YES;
				CLANG_WARN_OBJC_LITERAL_CONVERSION = YES;
				CLANG_WARN_OBJC_ROOT_CLASS = YES_ERROR;
				CLANG_WARN_QUOTED_INCLUDE_IN_FRAMEWORK_HEADER = YES;
				CLANG_WARN_RANGE_LOOP_ANALYSIS = YES;
				CLANG_WARN_STRICT_PROTOTYPES = YES;
				CLANG_WARN_SUSPICIOUS_MOVE = YES;
				CLANG_WARN_UNREACHABLE_CODE = YES;
				CLANG_WARN__DUPLICATE_METHOD_MATCH = YES;
				"CODE_SIGN_IDENTITY[sdk=iphoneos*]" = "iPhone Developer";
				COPY_PHASE_STRIP = YES;
				ENABLE_NS_ASSERTIONS = NO;
				ENABLE_STRICT_OBJC_MSGSEND = YES;
				"EXCLUDED_ARCHS[sdk=iphonesimulator*]" = "";
				GCC_C_LANGUAGE_STANDARD = gnu99;
				GCC_NO_COMMON_BLOCKS = YES;
				GCC_WARN_64_TO_32_BIT_CONVERSION = YES;
				GCC_WARN_ABOUT_RETURN_TYPE = YES_ERROR;
				GCC_WARN_UNDECLARED_SELECTOR = YES;
				GCC_WARN_UNINITIALIZED_AUTOS = YES_AGGRESSIVE;
				GCC_WARN_UNUSED_FUNCTION = YES;
				GCC_WARN_UNUSED_VARIABLE = YES;
				IPHONEOS_DEPLOYMENT_TARGET = 15.1;
				LD_RUNPATH_SEARCH_PATHS = (
					/usr/lib/swift,
					"$(inherited)",
				);
				LIBRARY_SEARCH_PATHS = (
					"\"$(SDKROOT)/usr/lib/swift\"",
					"\"$(TOOLCHAIN_DIR)/usr/lib/swift/$(PLATFORM_NAME)\"",
					"\"$(inherited)\"",
				);
				MTL_ENABLE_DEBUG_INFO = NO;
				OTHER_CPLUSPLUSFLAGS = (
					"$(OTHER_CFLAGS)",
					"-DFOLLY_NO_CONFIG",
					"-DFOLLY_MOBILE=1",
					"-DFOLLY_USE_LIBCPP=1",
					"-DFOLLY_CFG_NO_COROUTINES=1",
					"-DFOLLY_HAVE_CLOCK_GETTIME=1",
				);
				SDKROOT = iphoneos;
				VALIDATE_PRODUCT = YES;
			};
			name = Release;
		};
/* End XCBuildConfiguration section */

/* Begin XCConfigurationList section */
		13B07F931A680F5B00A75B9A /* Build configuration list for PBXNativeTarget "natallindocartao" */ = {
			isa = XCConfigurationList;
			buildConfigurations = (
				13B07F941A680F5B00A75B9A /* Debug */,
				13B07F951A680F5B00A75B9A /* Release */,
			);
			defaultConfigurationIsVisible = 0;
			defaultConfigurationName = Release;
		};
		83CBB9FA1A601CBA00E9B192 /* Build configuration list for PBXProject "natallindocartao" */ = {
			isa = XCConfigurationList;
			buildConfigurations = (
				83CBBA201A601CBA00E9B192 /* Debug */,
				83CBBA211A601CBA00E9B192 /* Release */,
			);
			defaultConfigurationIsVisible = 0;
			defaultConfigurationName = Release;
		};
/* End XCConfigurationList section */
	};
	rootObject = 83CBB9F71A601CBA00E9B192 /* Project object */;
}
